<?xml version="1.0" encoding="utf-8"?>
<Project ToolsVersion="4.0" xmlns="http://schemas.microsoft.com/developer/msbuild/2003">
  <ItemGroup>
    <Filter Include="Source Files">
      <UniqueIdentifier>{F21404E8-DB1E-45A9-AB60-3D5940D9156E}</UniqueIdentifier>
      <Extensions>cpp;c;cc;cxx;def;odl;idl;hpj;bat;asm;asmx</Extensions>
    </Filter>
    <Filter Include="Header Files">
      <UniqueIdentifier>{F308161E-E72D-470B-9A15-F49E60014495}</UniqueIdentifier>
      <Extensions>h;hh;hpp;hxx;hm;inl;inc;ipp;xsd</Extensions>
    </Filter>
    <Filter Include="Generated Source Files">
      <UniqueIdentifier>{CF26CBC6-2BCC-4AD9-8A34-889575D4C84D}</UniqueIdentifier>
      <Extensions>cpp;c;cc;cxx;def;odl;idl;hpj;bat;asm;asmx</Extensions>
    </Filter>
    <Filter Include="Generated Header Files">
      <UniqueIdentifier>{008A4833-0428-4AFD-936C-16FBF923E2A6}</UniqueIdentifier>
      <Extensions>h;hh;hpp;hxx;hm;inl;inc;ipp;xsd</Extensions>
    </Filter>
    <Filter Include="Proto Files">
      <UniqueIdentifier>{FB98F394-B3DE-44DF-A3AA-B5D02F13FCF8}</UniqueIdentifier>
    </Filter>
  </ItemGroup>
  <ItemGroup>
    <ClInclude Include="..\..\src\google\protobuf\arena_test_util.h">
      <Filter>Header Files</Filter>
    </ClInclude>
    <ClInclude Include="..\..\src\google\protobuf\descriptor_test_utils.h">
      <Filter>Header Files</Filter>
    </ClInclude>
    <ClInclude Include="..\..\src\google\protobuf\map_test_util.h">
      <Filter>Header Files</Filter>
    </ClInclude>
    <ClInclude Include="..\..\src\google\protobuf\reflection_tester.h">
      <Filter>Header Files</Filter>
    </ClInclude>
    <ClInclude Include="..\..\src\google\protobuf\test_textproto.h">
      <Filter>Header Files</Filter>
    </ClInclude>
    <ClInclude Include="..\..\src\google\protobuf\test_util_lite.h">
      <Filter>Header Files</Filter>
    </ClInclude>
    <ClInclude Include="..\..\src\google\protobuf\test_util.h">
      <Filter>Header Files</Filter>
    </ClInclude>
    <ClInclude Include="..\..\src\google\protobuf\test_util2.h">
      <Filter>Header Files</Filter>
    </ClInclude>
    <ClInclude Include="..\..\src\google\protobuf\unredacted_debug_format_for_test.h">
      <Filter>Header Files</Filter>
    </ClInclude>
    <ClInclude Include="..\..\src\google\protobuf\wire_format_unittest.h">
      <Filter>Header Files</Filter>
    </ClInclude>
    <ClCompile Include="..\..\src\google\protobuf\any_test.cc">
      <Filter>Source Files</Filter>
    </ClCompile>
    <ClCompile Include="..\..\src\google\protobuf\arena_align_test.cc">
      <Filter>Source Files</Filter>
    </ClCompile>
    <ClCompile Include="..\..\src\google\protobuf\arena_unittest.cc">
      <Filter>Source Files</Filter>
    </ClCompile>
    <ClCompile Include="..\..\src\google\protobuf\arenastring_unittest.cc">
      <Filter>Source Files</Filter>
    </ClCompile>
    <ClCompile Include="..\..\src\google\protobuf\arenaz_sampler_test.cc">
      <Filter>Source Files</Filter>
    </ClCompile>
    <ClCompile Include="..\..\src\google\protobuf\debug_counter_test.cc">
      <Filter>Source Files</Filter>
    </ClCompile>
    <ClCompile Include="..\..\src\google\protobuf\descriptor_database_unittest.cc">
      <Filter>Source Files</Filter>
    </ClCompile>
    <ClCompile Include="..\..\src\google\protobuf\descriptor_test_utils.cc">
      <Filter>Source Files</Filter>
    </ClCompile>
    <ClCompile Include="..\..\src\google\protobuf\descriptor_unittest.cc">
      <Filter>Source Files</Filter>
    </ClCompile>
    <ClCompile Include="..\..\src\google\protobuf\descriptor_visitor_test.cc">
      <Filter>Source Files</Filter>
    </ClCompile>
    <ClCompile Include="..\..\src\google\protobuf\drop_unknown_fields_test.cc">
      <Filter>Source Files</Filter>
    </ClCompile>
    <ClCompile Include="..\..\src\google\protobuf\dynamic_message_unittest.cc">
      <Filter>Source Files</Filter>
    </ClCompile>
    <ClCompile Include="..\..\src\google\protobuf\edition_message_unittest.cc">
      <Filter>Source Files</Filter>
    </ClCompile>
    <ClCompile Include="..\..\src\google\protobuf\extension_set_unittest.cc">
      <Filter>Source Files</Filter>
    </ClCompile>
    <ClCompile Include="..\..\src\google\protobuf\feature_resolver_test.cc">
      <Filter>Source Files</Filter>
    </ClCompile>
    <ClCompile Include="..\..\src\google\protobuf\field_with_arena_test.cc">
      <Filter>Source Files</Filter>
    </ClCompile>
    <ClCompile Include="..\..\src\google\protobuf\generated_enum_util_test.cc">
      <Filter>Source Files</Filter>
    </ClCompile>
    <ClCompile Include="..\..\src\google\protobuf\generated_message_reflection_unittest.cc">
      <Filter>Source Files</Filter>
    </ClCompile>
    <ClCompile Include="..\..\src\google\protobuf\generated_message_tctable_lite_test.cc">
      <Filter>Source Files</Filter>
    </ClCompile>
    <ClCompile Include="..\..\src\google\protobuf\has_bits_test.cc">
      <Filter>Source Files</Filter>
    </ClCompile>
    <ClCompile Include="..\..\src\google\protobuf\inlined_string_field_unittest.cc">
      <Filter>Source Files</Filter>
    </ClCompile>
    <ClCompile Include="..\..\src\google\protobuf\internal_feature_helper_test.cc">
      <Filter>Source Files</Filter>
    </ClCompile>
    <ClCompile Include="..\..\src\google\protobuf\internal_message_util_unittest.cc">
      <Filter>Source Files</Filter>
    </ClCompile>
    <ClCompile Include="..\..\src\google\protobuf\internal_metadata_locator_test.cc">
      <Filter>Source Files</Filter>
    </ClCompile>
    <ClCompile Include="..\..\src\google\protobuf\lazily_build_dependencies_test.cc">
      <Filter>Source Files</Filter>
    </ClCompile>
    <ClCompile Include="..\..\src\google\protobuf\lite_arena_unittest.cc">
      <Filter>Source Files</Filter>
    </ClCompile>
    <ClCompile Include="..\..\src\google\protobuf\lite_unittest.cc">
      <Filter>Source Files</Filter>
    </ClCompile>
    <ClCompile Include="..\..\src\google\protobuf\map_field_test.cc">
      <Filter>Source Files</Filter>
    </ClCompile>
    <ClCompile Include="..\..\src\google\protobuf\map_test.cc">
      <Filter>Source Files</Filter>
    </ClCompile>
    <ClCompile Include="..\..\src\google\protobuf\message_unittest.cc">
      <Filter>Source Files</Filter>
    </ClCompile>
    <ClCompile Include="..\..\src\google\protobuf\micro_string_test.cc">
      <Filter>Source Files</Filter>
    </ClCompile>
    <ClCompile Include="..\..\src\google\protobuf\no_field_presence_map_test.cc">
      <Filter>Source Files</Filter>
    </ClCompile>
    <ClCompile Include="..\..\src\google\protobuf\no_field_presence_test.cc">
      <Filter>Source Files</Filter>
    </ClCompile>
    <ClCompile Include="..\..\src\google\protobuf\port_test.cc">
      <Filter>Source Files</Filter>
    </ClCompile>
    <ClCompile Include="..\..\src\google\protobuf\preserve_unknown_enum_test.cc">
      <Filter>Source Files</Filter>
    </ClCompile>
    <ClCompile Include="..\..\src\google\protobuf\proto3_arena_lite_unittest.cc">
      <Filter>Source Files</Filter>
    </ClCompile>
    <ClCompile Include="..\..\src\google\protobuf\proto3_arena_unittest.cc">
      <Filter>Source Files</Filter>
    </ClCompile>
    <ClCompile Include="..\..\src\google\protobuf\proto3_lite_unittest.cc">
      <Filter>Source Files</Filter>
    </ClCompile>
    <ClCompile Include="..\..\src\google\protobuf\raw_ptr_test.cc">
      <Filter>Source Files</Filter>
    </ClCompile>
    <ClCompile Include="..\..\src\google\protobuf\redaction_metric_test.cc">
      <Filter>Source Files</Filter>
    </ClCompile>
    <ClCompile Include="..\..\src\google\protobuf\reflection_mode_test.cc">
      <Filter>Source Files</Filter>
    </ClCompile>
    <ClCompile Include="..\..\src\google\protobuf\reflection_ops_unittest.cc">
      <Filter>Source Files</Filter>
    </ClCompile>
    <ClCompile Include="..\..\src\google\protobuf\reflection_tester.cc">
      <Filter>Source Files</Filter>
    </ClCompile>
    <ClCompile Include="..\..\src\google\protobuf\reflection_visit_fields_test.cc">
      <Filter>Source Files</Filter>
    </ClCompile>
    <ClCompile Include="..\..\src\google\protobuf\repeated_field_proxy_test.cc">
      <Filter>Source Files</Filter>
    </ClCompile>
    <ClCompile Include="..\..\src\google\protobuf\repeated_field_reflection_unittest.cc">
      <Filter>Source Files</Filter>
    </ClCompile>
    <ClCompile Include="..\..\src\google\protobuf\repeated_field_unittest.cc">
      <Filter>Source Files</Filter>
    </ClCompile>
    <ClCompile Include="..\..\src\google\protobuf\repeated_ptr_field_unittest.cc">
      <Filter>Source Files</Filter>
    </ClCompile>
    <ClCompile Include="..\..\src\google\protobuf\retention_test.cc">
      <Filter>Source Files</Filter>
    </ClCompile>
    <ClCompile Include="..\..\src\google\protobuf\string_block_test.cc">
      <Filter>Source Files</Filter>
    </ClCompile>
    <ClCompile Include="..\..\src\google\protobuf\string_piece_field_support_unittest.cc">
      <Filter>Source Files</Filter>
    </ClCompile>
    <ClCompile Include="..\..\src\google\protobuf\string_view_test.cc">
      <Filter>Source Files</Filter>
    </ClCompile>
    <ClCompile Include="..\..\src\google\protobuf\symbol_checker_test.cc">
      <Filter>Source Files</Filter>
    </ClCompile>
    <ClCompile Include="..\..\src\google\protobuf\test_util_lite.cc">
      <Filter>Source Files</Filter>
    </ClCompile>
    <ClCompile Include="..\..\src\google\protobuf\test_util.cc">
      <Filter>Source Files</Filter>
    </ClCompile>
    <ClCompile Include="..\..\src\google\protobuf\text_format_unittest.cc">
      <Filter>Source Files</Filter>
    </ClCompile>
    <ClCompile Include="..\..\src\google\protobuf\unknown_field_set_unittest.cc">
      <Filter>Source Files</Filter>
    </ClCompile>
    <ClCompile Include="..\..\src\google\protobuf\unredacted_debug_format_for_test_test.cc">
      <Filter>Source Files</Filter>
    </ClCompile>
    <ClCompile Include="..\..\src\google\protobuf\unredacted_debug_format_for_test.cc">
      <Filter>Source Files</Filter>
    </ClCompile>
    <ClCompile Include="..\..\src\google\protobuf\varint_shuffle_test.cc">
      <Filter>Source Files</Filter>
    </ClCompile>
    <ClCompile Include="..\..\src\google\protobuf\well_known_types_unittest.cc">
      <Filter>Source Files</Filter>
    </ClCompile>
    <ClCompile Include="..\..\src\google\protobuf\wire_format_unittest.cc">
      <Filter>Source Files</Filter>
    </ClCompile>
    <CustomBuild Include="..\..\src\google\protobuf\any_test.proto">
      <Filter>Proto Files</Filter>
    </CustomBuild>
    <ClInclude Include="..\..\src\google\protobuf\any_test.pb.h">
      <Filter>Generated Header Files</Filter>
    </ClInclude>
    <ClCompile Include="..\..\src\google\protobuf\any_test.pb.cc">
      <Filter>Generated Source Files</Filter>
    </ClCompile>
    <CustomBuild Include="..\..\src\google\protobuf\edition_unittest.proto">
      <Filter>Proto Files</Filter>
    </CustomBuild>
    <ClInclude Include="..\..\src\google\protobuf\edition_unittest.pb.h">
      <Filter>Generated Header Files</Filter>
    </ClInclude>
    <ClCompile Include="..\..\src\google\protobuf\edition_unittest.pb.cc">
      <Filter>Generated Source Files</Filter>
    </ClCompile>
    <CustomBuild Include="..\..\src\google\protobuf\internal_metadata_locator_test.proto">
      <Filter>Proto Files</Filter>
    </CustomBuild>
    <ClInclude Include="..\..\src\google\protobuf\internal_metadata_locator_test.pb.h">
      <Filter>Generated Header Files</Filter>
    </ClInclude>
    <ClCompile Include="..\..\src\google\protobuf\internal_metadata_locator_test.pb.cc">
      <Filter>Generated Source Files</Filter>
    </ClCompile>
    <CustomBuild Include="..\..\src\google\protobuf\map_lite_unittest.proto">
      <Filter>Proto Files</Filter>
    </CustomBuild>
    <ClInclude Include="..\..\src\google\protobuf\map_lite_unittest.pb.h">
      <Filter>Generated Header Files</Filter>
    </ClInclude>
    <ClCompile Include="..\..\src\google\protobuf\map_lite_unittest.pb.cc">
      <Filter>Generated Source Files</Filter>
    </ClCompile>
    <CustomBuild Include="..\..\src\google\protobuf\map_proto2_unittest.proto">
      <Filter>Proto Files</Filter>
    </CustomBuild>
    <ClInclude Include="..\..\src\google\protobuf\map_proto2_unittest.pb.h">
      <Filter>Generated Header Files</Filter>
    </ClInclude>
    <ClCompile Include="..\..\src\google\protobuf\map_proto2_unittest.pb.cc">
      <Filter>Generated Source Files</Filter>
    </ClCompile>
    <CustomBuild Include="..\..\src\google\protobuf\map_proto3_unittest.proto">
      <Filter>Proto Files</Filter>
    </CustomBuild>
    <ClInclude Include="..\..\src\google\protobuf\map_proto3_unittest.pb.h">
      <Filter>Generated Header Files</Filter>
    </ClInclude>
    <ClCompile Include="..\..\src\google\protobuf\map_proto3_unittest.pb.cc">
      <Filter>Generated Source Files</Filter>
    </ClCompile>
    <CustomBuild Include="..\..\src\google\protobuf\map_unittest.proto">
      <Filter>Proto Files</Filter>
    </CustomBuild>
    <ClInclude Include="..\..\src\google\protobuf\map_unittest.pb.h">
      <Filter>Generated Header Files</Filter>
    </ClInclude>
    <ClCompile Include="..\..\src\google\protobuf\map_unittest.pb.cc">
      <Filter>Generated Source Files</Filter>
    </ClCompile>
    <CustomBuild Include="..\..\src\google\protobuf\only_one_enum_test.proto">
      <Filter>Proto Files</Filter>
    </CustomBuild>
    <ClInclude Include="..\..\src\google\protobuf\only_one_enum_test.pb.h">
      <Filter>Generated Header Files</Filter>
    </ClInclude>
    <ClCompile Include="..\..\src\google\protobuf\only_one_enum_test.pb.cc">
      <Filter>Generated Source Files</Filter>
    </ClCompile>
    <CustomBuild Include="..\..\src\google\protobuf\test_messages_proto2.proto">
      <Filter>Proto Files</Filter>
    </CustomBuild>
    <ClInclude Include="..\..\src\google\protobuf\test_messages_proto2.pb.h">
      <Filter>Generated Header Files</Filter>
    </ClInclude>
    <ClCompile Include="..\..\src\google\protobuf\test_messages_proto2.pb.cc">
      <Filter>Generated Source Files</Filter>
    </ClCompile>
    <CustomBuild Include="..\..\src\google\protobuf\test_messages_proto3.proto">
      <Filter>Proto Files</Filter>
    </CustomBuild>
    <ClInclude Include="..\..\src\google\protobuf\test_messages_proto3.pb.h">
      <Filter>Generated Header Files</Filter>
    </ClInclude>
    <ClCompile Include="..\..\src\google\protobuf\test_messages_proto3.pb.cc">
      <Filter>Generated Source Files</Filter>
    </ClCompile>
    <CustomBuild Include="..\..\src\google\protobuf\unittest_arena.proto">
      <Filter>Proto Files</Filter>
    </CustomBuild>
    <ClInclude Include="..\..\src\google\protobuf\unittest_arena.pb.h">
      <Filter>Generated Header Files</Filter>
    </ClInclude>
    <ClCompile Include="..\..\src\google\protobuf\unittest_arena.pb.cc">
      <Filter>Generated Source Files</Filter>
    </ClCompile>
    <CustomBuild Include="..\..\src\google\protobuf\unittest_custom_features.proto">
      <Filter>Proto Files</Filter>
    </CustomBuild>
    <ClInclude Include="..\..\src\google\protobuf\unittest_custom_features.pb.h">
      <Filter>Generated Header Files</Filter>
    </ClInclude>
    <ClCompile Include="..\..\src\google\protobuf\unittest_custom_features.pb.cc">
      <Filter>Generated Source Files</Filter>
    </ClCompile>
    <CustomBuild Include="..\..\src\google\protobuf\unittest_custom_options_unlinked.proto">
      <Filter>Proto Files</Filter>
    </CustomBuild>
    <ClInclude Include="..\..\src\google\protobuf\unittest_custom_options_unlinked.pb.h">
      <Filter>Generated Header Files</Filter>
    </ClInclude>
    <ClCompile Include="..\..\src\google\protobuf\unittest_custom_options_unlinked.pb.cc">
      <Filter>Generated Source Files</Filter>
    </ClCompile>
    <CustomBuild Include="..\..\src\google\protobuf\unittest_custom_options.proto">
      <Filter>Proto Files</Filter>
    </CustomBuild>
    <ClInclude Include="..\..\src\google\protobuf\unittest_custom_options.pb.h">
      <Filter>Generated Header Files</Filter>
    </ClInclude>
    <ClCompile Include="..\..\src\google\protobuf\unittest_custom_options.pb.cc">
      <Filter>Generated Source Files</Filter>
    </ClCompile>
    <CustomBuild Include="..\..\src\google\protobuf\unittest_delimited_import.proto">
      <Filter>Proto Files</Filter>
    </CustomBuild>
    <ClInclude Include="..\..\src\google\protobuf\unittest_delimited_import.pb.h">
      <Filter>Generated Header Files</Filter>
    </ClInclude>
    <ClCompile Include="..\..\src\google\protobuf\unittest_delimited_import.pb.cc">
      <Filter>Generated Source Files</Filter>
    </ClCompile>
    <CustomBuild Include="..\..\src\google\protobuf\unittest_delimited.proto">
      <Filter>Proto Files</Filter>
    </CustomBuild>
    <ClInclude Include="..\..\src\google\protobuf\unittest_delimited.pb.h">
      <Filter>Generated Header Files</Filter>
    </ClInclude>
    <ClCompile Include="..\..\src\google\protobuf\unittest_delimited.pb.cc">
      <Filter>Generated Source Files</Filter>
    </ClCompile>
    <CustomBuild Include="..\..\src\google\protobuf\unittest_drop_unknown_fields.proto">
      <Filter>Proto Files</Filter>
    </CustomBuild>
    <ClInclude Include="..\..\src\google\protobuf\unittest_drop_unknown_fields.pb.h">
      <Filter>Generated Header Files</Filter>
    </ClInclude>
    <ClCompile Include="..\..\src\google\protobuf\unittest_drop_unknown_fields.pb.cc">
      <Filter>Generated Source Files</Filter>
    </ClCompile>
    <CustomBuild Include="..\..\src\google\protobuf\unittest_embed_optimize_for.proto">
      <Filter>Proto Files</Filter>
    </CustomBuild>
    <ClInclude Include="..\..\src\google\protobuf\unittest_embed_optimize_for.pb.h">
      <Filter>Generated Header Files</Filter>
    </ClInclude>
    <ClCompile Include="..\..\src\google\protobuf\unittest_embed_optimize_for.pb.cc">
      <Filter>Generated Source Files</Filter>
    </ClCompile>
    <CustomBuild Include="..\..\src\google\protobuf\unittest_empty.proto">
      <Filter>Proto Files</Filter>
    </CustomBuild>
    <ClInclude Include="..\..\src\google\protobuf\unittest_empty.pb.h">
      <Filter>Generated Header Files</Filter>
    </ClInclude>
    <ClCompile Include="..\..\src\google\protobuf\unittest_empty.pb.cc">
      <Filter>Generated Source Files</Filter>
    </ClCompile>
    <CustomBuild Include="..\..\src\google\protobuf\unittest_enormous_descriptor.proto">
      <Filter>Proto Files</Filter>
    </CustomBuild>
    <ClInclude Include="..\..\src\google\protobuf\unittest_enormous_descriptor.pb.h">
      <Filter>Generated Header Files</Filter>
    </ClInclude>
    <ClCompile Include="..\..\src\google\protobuf\unittest_enormous_descriptor.pb.cc">
      <Filter>Generated Source Files</Filter>
    </ClCompile>
    <CustomBuild Include="..\..\src\google\protobuf\unittest_extension_set.proto">
      <Filter>Proto Files</Filter>
    </CustomBuild>
    <ClInclude Include="..\..\src\google\protobuf\unittest_extension_set.pb.h">
      <Filter>Generated Header Files</Filter>
    </ClInclude>
    <ClCompile Include="..\..\src\google\protobuf\unittest_extension_set.pb.cc">
      <Filter>Generated Source Files</Filter>
    </ClCompile>
    <CustomBuild Include="..\..\src\google\protobuf\unittest_features.proto">
      <Filter>Proto Files</Filter>
    </CustomBuild>
    <ClInclude Include="..\..\src\google\protobuf\unittest_features.pb.h">
      <Filter>Generated Header Files</Filter>
    </ClInclude>
    <ClCompile Include="..\..\src\google\protobuf\unittest_features.pb.cc">
      <Filter>Generated Source Files</Filter>
    </ClCompile>
    <CustomBuild Include="..\..\src\google\protobuf\unittest_fuzz_extensions.proto">
      <Filter>Proto Files</Filter>
    </CustomBuild>
    <ClInclude Include="..\..\src\google\protobuf\unittest_fuzz_extensions.pb.h">
      <Filter>Generated Header Files</Filter>
    </ClInclude>
    <ClCompile Include="..\..\src\google\protobuf\unittest_fuzz_extensions.pb.cc">
      <Filter>Generated Source Files</Filter>
    </ClCompile>
    <CustomBuild Include="..\..\src\google\protobuf\unittest_import_lite.proto">
      <Filter>Proto Files</Filter>
    </CustomBuild>
    <ClInclude Include="..\..\src\google\protobuf\unittest_import_lite.pb.h">
      <Filter>Generated Header Files</Filter>
    </ClInclude>
    <ClCompile Include="..\..\src\google\protobuf\unittest_import_lite.pb.cc">
      <Filter>Generated Source Files</Filter>
    </ClCompile>
    <CustomBuild Include="..\..\src\google\protobuf\unittest_import_option.proto">
      <Filter>Proto Files</Filter>
    </CustomBuild>
    <ClInclude Include="..\..\src\google\protobuf\unittest_import_option.pb.h">
      <Filter>Generated Header Files</Filter>
    </ClInclude>
    <ClCompile Include="..\..\src\google\protobuf\unittest_import_option.pb.cc">
      <Filter>Generated Source Files</Filter>
    </ClCompile>
    <CustomBuild Include="..\..\src\google\protobuf\unittest_import_public_lite.proto">
      <Filter>Proto Files</Filter>
    </CustomBuild>
    <ClInclude Include="..\..\src\google\protobuf\unittest_import_public_lite.pb.h">
      <Filter>Generated Header Files</Filter>
    </ClInclude>
    <ClCompile Include="..\..\src\google\protobuf\unittest_import_public_lite.pb.cc">
      <Filter>Generated Source Files</Filter>
    </ClCompile>
    <CustomBuild Include="..\..\src\google\protobuf\unittest_import_public.proto">
      <Filter>Proto Files</Filter>
    </CustomBuild>
    <ClInclude Include="..\..\src\google\protobuf\unittest_import_public.pb.h">
      <Filter>Generated Header Files</Filter>
    </ClInclude>
    <ClCompile Include="..\..\src\google\protobuf\unittest_import_public.pb.cc">
      <Filter>Generated Source Files</Filter>
    </ClCompile>
    <CustomBuild Include="..\..\src\google\protobuf\unittest_import.proto">
      <Filter>Proto Files</Filter>
    </CustomBuild>
    <ClInclude Include="..\..\src\google\protobuf\unittest_import.pb.h">
      <Filter>Generated Header Files</Filter>
    </ClInclude>
    <ClCompile Include="..\..\src\google\protobuf\unittest_import.pb.cc">
      <Filter>Generated Source Files</Filter>
    </ClCompile>
    <CustomBuild Include="..\..\src\google\protobuf\unittest_invalid_features.proto">
      <Filter>Proto Files</Filter>
    </CustomBuild>
    <ClInclude Include="..\..\src\google\protobuf\unittest_invalid_features.pb.h">
      <Filter>Generated Header Files</Filter>
    </ClInclude>
    <ClCompile Include="..\..\src\google\protobuf\unittest_invalid_features.pb.cc">
      <Filter>Generated Source Files</Filter>
    </ClCompile>
    <CustomBuild Include="..\..\src\google\protobuf\unittest_lazy_dependencies_custom_option.proto">
      <Filter>Proto Files</Filter>
    </CustomBuild>
    <ClInclude Include="..\..\src\google\protobuf\unittest_lazy_dependencies_custom_option.pb.h">
      <Filter>Generated Header Files</Filter>
    </ClInclude>
    <ClCompile Include="..\..\src\google\protobuf\unittest_lazy_dependencies_custom_option.pb.cc">
      <Filter>Generated Source Files</Filter>
    </ClCompile>
    <CustomBuild Include="..\..\src\google\protobuf\unittest_lazy_dependencies_enum.proto">
      <Filter>Proto Files</Filter>
    </CustomBuild>
    <ClInclude Include="..\..\src\google\protobuf\unittest_lazy_dependencies_enum.pb.h">
      <Filter>Generated Header Files</Filter>
    </ClInclude>
    <ClCompile Include="..\..\src\google\protobuf\unittest_lazy_dependencies_enum.pb.cc">
      <Filter>Generated Source Files</Filter>
    </ClCompile>
    <CustomBuild Include="..\..\src\google\protobuf\unittest_lazy_dependencies.proto">
      <Filter>Proto Files</Filter>
    </CustomBuild>
    <ClInclude Include="..\..\src\google\protobuf\unittest_lazy_dependencies.pb.h">
      <Filter>Generated Header Files</Filter>
    </ClInclude>
    <ClCompile Include="..\..\src\google\protobuf\unittest_lazy_dependencies.pb.cc">
      <Filter>Generated Source Files</Filter>
    </ClCompile>
    <CustomBuild Include="..\..\src\google\protobuf\unittest_lite_edition_2024.proto">
      <Filter>Proto Files</Filter>
    </CustomBuild>
    <ClInclude Include="..\..\src\google\protobuf\unittest_lite_edition_2024.pb.h">
      <Filter>Generated Header Files</Filter>
    </ClInclude>
    <ClCompile Include="..\..\src\google\protobuf\unittest_lite_edition_2024.pb.cc">
      <Filter>Generated Source Files</Filter>
    </ClCompile>
    <CustomBuild Include="..\..\src\google\protobuf\unittest_lite_imports_nonlite.proto">
      <Filter>Proto Files</Filter>
    </CustomBuild>
    <ClInclude Include="..\..\src\google\protobuf\unittest_lite_imports_nonlite.pb.h">
      <Filter>Generated Header Files</Filter>
    </ClInclude>
    <ClCompile Include="..\..\src\google\protobuf\unittest_lite_imports_nonlite.pb.cc">
      <Filter>Generated Source Files</Filter>
    </ClCompile>
    <CustomBuild Include="..\..\src\google\protobuf\unittest_lite.proto">
      <Filter>Proto Files</Filter>
    </CustomBuild>
    <ClInclude Include="..\..\src\google\protobuf\unittest_lite.pb.h">
      <Filter>Generated Header Files</Filter>
    </ClInclude>
    <ClCompile Include="..\..\src\google\protobuf\unittest_lite.pb.cc">
      <Filter>Generated Source Files</Filter>
    </ClCompile>
    <CustomBuild Include="..\..\src\google\protobuf\unittest_mset_wire_format.proto">
      <Filter>Proto Files</Filter>
    </CustomBuild>
    <ClInclude Include="..\..\src\google\protobuf\unittest_mset_wire_format.pb.h">
      <Filter>Generated Header Files</Filter>
    </ClInclude>
    <ClCompile Include="..\..\src\google\protobuf\unittest_mset_wire_format.pb.cc">
      <Filter>Generated Source Files</Filter>
    </ClCompile>
    <CustomBuild Include="..\..\src\google\protobuf\unittest_mset.proto">
      <Filter>Proto Files</Filter>
    </CustomBuild>
    <ClInclude Include="..\..\src\google\protobuf\unittest_mset.pb.h">
      <Filter>Generated Header Files</Filter>
    </ClInclude>
    <ClCompile Include="..\..\src\google\protobuf\unittest_mset.pb.cc">
      <Filter>Generated Source Files</Filter>
    </ClCompile>
    <CustomBuild Include="..\..\src\google\protobuf\unittest_no_field_presence.proto">
      <Filter>Proto Files</Filter>
    </CustomBuild>
    <ClInclude Include="..\..\src\google\protobuf\unittest_no_field_presence.pb.h">
      <Filter>Generated Header Files</Filter>
    </ClInclude>
    <ClCompile Include="..\..\src\google\protobuf\unittest_no_field_presence.pb.cc">
      <Filter>Generated Source Files</Filter>
    </ClCompile>
    <CustomBuild Include="..\..\src\google\protobuf\unittest_no_generic_services.proto">
      <Filter>Proto Files</Filter>
    </CustomBuild>
    <ClInclude Include="..\..\src\google\protobuf\unittest_no_generic_services.pb.h">
      <Filter>Generated Header Files</Filter>
    </ClInclude>
    <ClCompile Include="..\..\src\google\protobuf\unittest_no_generic_services.pb.cc">
      <Filter>Generated Source Files</Filter>
    </ClCompile>
    <CustomBuild Include="..\..\src\google\protobuf\unittest_optimize_for.proto">
      <Filter>Proto Files</Filter>
    </CustomBuild>
    <ClInclude Include="..\..\src\google\protobuf\unittest_optimize_for.pb.h">
      <Filter>Generated Header Files</Filter>
    </ClInclude>
    <ClCompile Include="..\..\src\google\protobuf\unittest_optimize_for.pb.cc">
      <Filter>Generated Source Files</Filter>
    </ClCompile>
    <CustomBuild Include="..\..\src\google\protobuf\unittest_preserve_unknown_enum.proto">
      <Filter>Proto Files</Filter>
    </CustomBuild>
    <ClInclude Include="..\..\src\google\protobuf\unittest_preserve_unknown_enum.pb.h">
      <Filter>Generated Header Files</Filter>
    </ClInclude>
    <ClCompile Include="..\..\src\google\protobuf\unittest_preserve_unknown_enum.pb.cc">
      <Filter>Generated Source Files</Filter>
    </ClCompile>
    <CustomBuild Include="..\..\src\google\protobuf\unittest_preserve_unknown_enum2.proto">
      <Filter>Proto Files</Filter>
    </CustomBuild>
    <ClInclude Include="..\..\src\google\protobuf\unittest_preserve_unknown_enum2.pb.h">
      <Filter>Generated Header Files</Filter>
    </ClInclude>
    <ClCompile Include="..\..\src\google\protobuf\unittest_preserve_unknown_enum2.pb.cc">
      <Filter>Generated Source Files</Filter>
    </ClCompile>
    <CustomBuild Include="..\..\src\google\protobuf\unittest_proto3_arena_lite.proto">
      <Filter>Proto Files</Filter>
    </CustomBuild>
    <ClInclude Include="..\..\src\google\protobuf\unittest_proto3_arena_lite.pb.h">
      <Filter>Generated Header Files</Filter>
    </ClInclude>
    <ClCompile Include="..\..\src\google\protobuf\unittest_proto3_arena_lite.pb.cc">
      <Filter>Generated Source Files</Filter>
    </ClCompile>
    <CustomBuild Include="..\..\src\google\protobuf\unittest_proto3_arena.proto">
      <Filter>Proto Files</Filter>
    </CustomBuild>
    <ClInclude Include="..\..\src\google\protobuf\unittest_proto3_arena.pb.h">
      <Filter>Generated Header Files</Filter>
    </ClInclude>
    <ClCompile Include="..\..\src\google\protobuf\unittest_proto3_arena.pb.cc">
      <Filter>Generated Source Files</Filter>
    </ClCompile>
    <CustomBuild Include="..\..\src\google\protobuf\unittest_proto3_bad_macros.proto">
      <Filter>Proto Files</Filter>
    </CustomBuild>
    <ClInclude Include="..\..\src\google\protobuf\unittest_proto3_bad_macros.pb.h">
      <Filter>Generated Header Files</Filter>
    </ClInclude>
    <ClCompile Include="..\..\src\google\protobuf\unittest_proto3_bad_macros.pb.cc">
      <Filter>Generated Source Files</Filter>
    </ClCompile>
    <CustomBuild Include="..\..\src\google\protobuf\unittest_proto3_extensions.proto">
      <Filter>Proto Files</Filter>
    </CustomBuild>
    <ClInclude Include="..\..\src\google\protobuf\unittest_proto3_extensions.pb.h">
      <Filter>Generated Header Files</Filter>
    </ClInclude>
    <ClCompile Include="..\..\src\google\protobuf\unittest_proto3_extensions.pb.cc">
      <Filter>Generated Source Files</Filter>
    </ClCompile>
    <CustomBuild Include="..\..\src\google\protobuf\unittest_proto3_lite.proto">
      <Filter>Proto Files</Filter>
    </CustomBuild>
    <ClInclude Include="..\..\src\google\protobuf\unittest_proto3_lite.pb.h">
      <Filter>Generated Header Files</Filter>
    </ClInclude>
    <ClCompile Include="..\..\src\google\protobuf\unittest_proto3_lite.pb.cc">
      <Filter>Generated Source Files</Filter>
    </ClCompile>
    <CustomBuild Include="..\..\src\google\protobuf\unittest_proto3_optional.proto">
      <Filter>Proto Files</Filter>
    </CustomBuild>
    <ClInclude Include="..\..\src\google\protobuf\unittest_proto3_optional.pb.h">
      <Filter>Generated Header Files</Filter>
    </ClInclude>
    <ClCompile Include="..\..\src\google\protobuf\unittest_proto3_optional.pb.cc">
      <Filter>Generated Source Files</Filter>
    </ClCompile>
    <CustomBuild Include="..\..\src\google\protobuf\unittest_proto3.proto">
      <Filter>Proto Files</Filter>
    </CustomBuild>
    <ClInclude Include="..\..\src\google\protobuf\unittest_proto3.pb.h">
      <Filter>Generated Header Files</Filter>
    </ClInclude>
    <ClCompile Include="..\..\src\google\protobuf\unittest_proto3.pb.cc">
      <Filter>Generated Source Files</Filter>
    </ClCompile>
    <CustomBuild Include="..\..\src\google\protobuf\unittest_redaction.proto">
      <Filter>Proto Files</Filter>
    </CustomBuild>
    <ClInclude Include="..\..\src\google\protobuf\unittest_redaction.pb.h">
      <Filter>Generated Header Files</Filter>
    </ClInclude>
    <ClCompile Include="..\..\src\google\protobuf\unittest_redaction.pb.cc">
      <Filter>Generated Source Files</Filter>
    </ClCompile>
    <CustomBuild Include="..\..\src\google\protobuf\unittest_retention.proto">
      <Filter>Proto Files</Filter>
    </CustomBuild>
    <ClInclude Include="..\..\src\google\protobuf\unittest_retention.pb.h">
      <Filter>Generated Header Files</Filter>
    </ClInclude>
    <ClCompile Include="..\..\src\google\protobuf\unittest_retention.pb.cc">
      <Filter>Generated Source Files</Filter>
    </ClCompile>
    <CustomBuild Include="..\..\src\google\protobuf\unittest_string_type.proto">
      <Filter>Proto Files</Filter>
    </CustomBuild>
    <ClInclude Include="..\..\src\google\protobuf\unittest_string_type.pb.h">
      <Filter>Generated Header Files</Filter>
    </ClInclude>
    <ClCompile Include="..\..\src\google\protobuf\unittest_string_type.pb.cc">
      <Filter>Generated Source Files</Filter>
    </ClCompile>
    <CustomBuild Include="..\..\src\google\protobuf\unittest_string_view.proto">
      <Filter>Proto Files</Filter>
    </CustomBuild>
    <ClInclude Include="..\..\src\google\protobuf\unittest_string_view.pb.h">
      <Filter>Generated Header Files</Filter>
    </ClInclude>
    <ClCompile Include="..\..\src\google\protobuf\unittest_string_view.pb.cc">
      <Filter>Generated Source Files</Filter>
    </ClCompile>
    <CustomBuild Include="..\..\src\google\protobuf\unittest_utf8_string_extensions.proto">
      <Filter>Proto Files</Filter>
    </CustomBuild>
    <ClInclude Include="..\..\src\google\protobuf\unittest_utf8_string_extensions.pb.h">
      <Filter>Generated Header Files</Filter>
    </ClInclude>
    <ClCompile Include="..\..\src\google\protobuf\unittest_utf8_string_extensions.pb.cc">
      <Filter>Generated Source Files</Filter>
    </ClCompile>
    <CustomBuild Include="..\..\src\google\protobuf\unittest_well_known_types.proto">
      <Filter>Proto Files</Filter>
    </CustomBuild>
    <ClInclude Include="..\..\src\google\protobuf\unittest_well_known_types.pb.h">
      <Filter>Generated Header Files</Filter>
    </ClInclude>
    <ClCompile Include="..\..\src\google\protobuf\unittest_well_known_types.pb.cc">
      <Filter>Generated Source Files</Filter>
    </ClCompile>
    <CustomBuild Include="..\..\src\google\protobuf\unittest.proto">
      <Filter>Proto Files</Filter>
    </CustomBuild>
    <ClInclude Include="..\..\src\google\protobuf\unittest.pb.h">
      <Filter>Generated Header Files</Filter>
    </ClInclude>
    <ClCompile Include="..\..\src\google\protobuf\unittest.pb.cc">
      <Filter>Generated Source Files</Filter>
    </ClCompile>
    <CustomBuild Include="..\..\src\google\protobuf\test_protos\abseil_flag_test.proto">
      <Filter>Proto Files</Filter>
    </CustomBuild>
    <ClInclude Include="..\..\src\google\protobuf\test_protos\abseil_flag_test.pb.h">
      <Filter>Generated Header Files</Filter>
    </ClInclude>
    <ClCompile Include="..\..\src\google\protobuf\test_protos\abseil_flag_test.pb.cc">
      <Filter>Generated Source Files</Filter>
    </ClCompile>
    <CustomBuild Include="..\..\src\google\protobuf\test_protos\repeated_field_proxy_import_message.proto">
      <Filter>Proto Files</Filter>
    </CustomBuild>
    <ClInclude Include="..\..\src\google\protobuf\test_protos\repeated_field_proxy_import_message.pb.h">
      <Filter>Generated Header Files</Filter>
    </ClInclude>
    <ClCompile Include="..\..\src\google\protobuf\test_protos\repeated_field_proxy_import_message.pb.cc">
      <Filter>Generated Source Files</Filter>
    </ClCompile>
    <CustomBuild Include="..\..\src\google\protobuf\test_protos\repeated_field_proxy_test.proto">
      <Filter>Proto Files</Filter>
    </CustomBuild>
    <ClInclude Include="..\..\src\google\protobuf\test_protos\repeated_field_proxy_test.pb.h">
      <Filter>Generated Header Files</Filter>
    </ClInclude>
    <ClCompile Include="..\..\src\google\protobuf\test_protos\repeated_field_proxy_test.pb.cc">
      <Filter>Generated Source Files</Filter>
    </ClCompile>
    <CustomBuild Include="..\..\src\google\protobuf\test_protos\repeated_ptr_field_test.proto">
      <Filter>Proto Files</Filter>
    </CustomBuild>
    <ClInclude Include="..\..\src\google\protobuf\test_protos\repeated_ptr_field_test.pb.h">
      <Filter>Generated Header Files</Filter>
    </ClInclude>
    <ClCompile Include="..\..\src\google\protobuf\test_protos\repeated_ptr_field_test.pb.cc">
      <Filter>Generated Source Files</Filter>
    </ClCompile>
  </ItemGroup>
</Project>