<?xml version="1.0" encoding="utf-8"?>
<Project ToolsVersion="4.0" xmlns="http://schemas.microsoft.com/developer/msbuild/2003">
  <ItemGroup>
    <Filter Include="Source Files">
      <UniqueIdentifier>{67B83E69-1FF3-4026-ACE5-2D50C393CE98}</UniqueIdentifier>
      <Extensions>cpp;c;cc;cxx;def;odl;idl;hpj;bat;asm;asmx</Extensions>
    </Filter>
    <Filter Include="Header Files">
      <UniqueIdentifier>{BAD8E736-A583-4698-A8BD-427A3016DBAB}</UniqueIdentifier>
      <Extensions>h;hh;hpp;hxx;hm;inl;inc;ipp;xsd</Extensions>
    </Filter>
    <Filter Include="Proto Files">
      <UniqueIdentifier>{8fd3bd4e-5493-4713-8130-638a28e2ad0b}</UniqueIdentifier>
    </Filter>
    <Filter Include="Generated Header Files">
      <UniqueIdentifier>{e86403f8-e2f4-4d84-84ab-16537e438ae7}</UniqueIdentifier>
    </Filter>
    <Filter Include="Generated Source Files">
      <UniqueIdentifier>{fc78fb12-9817-45f0-a15a-0e42b1915730}</UniqueIdentifier>
    </Filter>
  </ItemGroup>
  <ItemGroup>
    <ClInclude Include="..\..\src\google\protobuf\compiler\annotation_test_util.h">
      <Filter>Header Files</Filter>
    </ClInclude>
    <ClInclude Include="..\..\src\google\protobuf\compiler\command_line_interface_tester.h">
      <Filter>Header Files</Filter>
    </ClInclude>
    <ClInclude Include="..\..\src\google\protobuf\compiler\mock_code_generator.h">
      <Filter>Header Files</Filter>
    </ClInclude>
    <ClCompile Include="..\..\src\google\protobuf\compiler\annotation_test_util.cc">
      <Filter>Source Files</Filter>
    </ClCompile>
    <ClCompile Include="..\..\src\google\protobuf\compiler\code_generator_unittest.cc">
      <Filter>Source Files</Filter>
    </ClCompile>
    <ClCompile Include="..\..\src\google\protobuf\compiler\command_line_interface_tester.cc">
      <Filter>Source Files</Filter>
    </ClCompile>
    <ClCompile Include="..\..\src\google\protobuf\compiler\command_line_interface_unittest.cc">
      <Filter>Source Files</Filter>
    </ClCompile>
    <ClCompile Include="..\..\src\google\protobuf\compiler\fake_plugin.cc">
      <Filter>Source Files</Filter>
    </ClCompile>
    <ClCompile Include="..\..\src\google\protobuf\compiler\importer_unittest.cc">
      <Filter>Source Files</Filter>
    </ClCompile>
    <ClCompile Include="..\..\src\google\protobuf\compiler\mock_code_generator.cc">
      <Filter>Source Files</Filter>
    </ClCompile>
    <ClCompile Include="..\..\src\google\protobuf\compiler\parser_unittest.cc">
      <Filter>Source Files</Filter>
    </ClCompile>
    <ClCompile Include="..\..\src\google\protobuf\compiler\retention_unittest.cc">
      <Filter>Source Files</Filter>
    </ClCompile>
    <ClCompile Include="..\..\src\google\protobuf\compiler\test_plugin.cc">
      <Filter>Source Files</Filter>
    </ClCompile>
    <ClCompile Include="..\..\src\google\protobuf\compiler\versions_test.cc">
      <Filter>Source Files</Filter>
    </ClCompile>
    <ClInclude Include="..\..\src\google\protobuf\compiler\cpp\unittest.h">
      <Filter>Header Files</Filter>
    </ClInclude>
    <ClCompile Include="..\..\src\google\protobuf\compiler\cpp\arena_ctor_visibility_test.cc">
      <Filter>Source Files</Filter>
    </ClCompile>
    <ClCompile Include="..\..\src\google\protobuf\compiler\cpp\bootstrap_unittest.cc">
      <Filter>Source Files</Filter>
    </ClCompile>
    <ClCompile Include="..\..\src\google\protobuf\compiler\cpp\copy_unittest.cc">
      <Filter>Source Files</Filter>
    </ClCompile>
    <ClCompile Include="..\..\src\google\protobuf\compiler\cpp\field_chunk_test.cc">
      <Filter>Source Files</Filter>
    </ClCompile>
    <ClCompile Include="..\..\src\google\protobuf\compiler\cpp\file_unittest.cc">
      <Filter>Source Files</Filter>
    </ClCompile>
    <ClCompile Include="..\..\src\google\protobuf\compiler\cpp\generator_unittest.cc">
      <Filter>Source Files</Filter>
    </ClCompile>
    <ClCompile Include="..\..\src\google\protobuf\compiler\cpp\ifndef_guard_unittest.cc">
      <Filter>Source Files</Filter>
    </ClCompile>
    <ClCompile Include="..\..\src\google\protobuf\compiler\cpp\message_size_unittest.cc">
      <Filter>Source Files</Filter>
    </ClCompile>
    <ClCompile Include="..\..\src\google\protobuf\compiler\cpp\metadata_test.cc">
      <Filter>Source Files</Filter>
    </ClCompile>
    <ClCompile Include="..\..\src\google\protobuf\compiler\cpp\move_unittest.cc">
      <Filter>Source Files</Filter>
    </ClCompile>
    <ClCompile Include="..\..\src\google\protobuf\compiler\cpp\namespace_printer_unittest.cc">
      <Filter>Source Files</Filter>
    </ClCompile>
    <ClCompile Include="..\..\src\google\protobuf\compiler\cpp\plugin_unittest.cc">
      <Filter>Source Files</Filter>
    </ClCompile>
    <ClCompile Include="..\..\src\google\protobuf\compiler\cpp\unittest.cc">
      <Filter>Source Files</Filter>
    </ClCompile>
    <ClInclude Include="..\..\editions\edition_defaults_test_utils.h">
      <Filter>Header Files</Filter>
    </ClInclude>
    <ClCompile Include="..\..\editions\defaults_test.cc">
      <Filter>Source Files</Filter>
    </ClCompile>
    <ClCompile Include="..\..\editions\edition_defaults_test_utils_test.cc">
      <Filter>Source Files</Filter>
    </ClCompile>
    <ClCompile Include="..\..\editions\edition_defaults_test_utils.cc">
      <Filter>Source Files</Filter>
    </ClCompile>
    <ClCompile Include="..\..\editions\generated_files_test.cc">
      <Filter>Source Files</Filter>
    </ClCompile>
    <ClCompile Include="..\..\editions\generated_reflection_test.cc">
      <Filter>Source Files</Filter>
    </ClCompile>
    <ClInclude Include="..\..\src\google\protobuf\testing\file.h">
      <Filter>Header Files</Filter>
    </ClInclude>
    <ClInclude Include="..\..\src\google\protobuf\testing\googletest.h">
      <Filter>Header Files</Filter>
    </ClInclude>
    <ClCompile Include="..\..\src\google\protobuf\testing\file.cc">
      <Filter>Source Files</Filter>
    </ClCompile>
    <ClCompile Include="..\..\src\google\protobuf\testing\googletest.cc">
      <Filter>Source Files</Filter>
    </ClCompile>
    <CustomBuild Include="..\..\src\google\protobuf\edition_unittest.proto">
      <Filter>Proto Files</Filter>
    </CustomBuild>
    <ClInclude Include="..\..\src\google\protobuf\edition_unittest.pb.h">
      <Filter>Generated Header Files</Filter>
    </ClInclude>
    <ClCompile Include="..\..\src\google\protobuf\edition_unittest.pb.cc">
      <Filter>Generated Source Files</Filter>
    </ClCompile>
    <CustomBuild Include="..\..\src\google\protobuf\map_lite_unittest.proto">
      <Filter>Proto Files</Filter>
    </CustomBuild>
    <ClInclude Include="..\..\src\google\protobuf\map_lite_unittest.pb.h">
      <Filter>Generated Header Files</Filter>
    </ClInclude>
    <ClCompile Include="..\..\src\google\protobuf\map_lite_unittest.pb.cc">
      <Filter>Generated Source Files</Filter>
    </ClCompile>
    <CustomBuild Include="..\..\src\google\protobuf\map_proto2_unittest.proto">
      <Filter>Proto Files</Filter>
    </CustomBuild>
    <ClInclude Include="..\..\src\google\protobuf\map_proto2_unittest.pb.h">
      <Filter>Generated Header Files</Filter>
    </ClInclude>
    <ClCompile Include="..\..\src\google\protobuf\map_proto2_unittest.pb.cc">
      <Filter>Generated Source Files</Filter>
    </ClCompile>
    <CustomBuild Include="..\..\src\google\protobuf\map_proto3_unittest.proto">
      <Filter>Proto Files</Filter>
    </CustomBuild>
    <ClInclude Include="..\..\src\google\protobuf\map_proto3_unittest.pb.h">
      <Filter>Generated Header Files</Filter>
    </ClInclude>
    <ClCompile Include="..\..\src\google\protobuf\map_proto3_unittest.pb.cc">
      <Filter>Generated Source Files</Filter>
    </ClCompile>
    <CustomBuild Include="..\..\src\google\protobuf\map_unittest.proto">
      <Filter>Proto Files</Filter>
    </CustomBuild>
    <ClInclude Include="..\..\src\google\protobuf\map_unittest.pb.h">
      <Filter>Generated Header Files</Filter>
    </ClInclude>
    <ClCompile Include="..\..\src\google\protobuf\map_unittest.pb.cc">
      <Filter>Generated Source Files</Filter>
    </ClCompile>
    <CustomBuild Include="..\..\src\google\protobuf\unittest_arena.proto">
      <Filter>Proto Files</Filter>
    </CustomBuild>
    <ClInclude Include="..\..\src\google\protobuf\unittest_arena.pb.h">
      <Filter>Generated Header Files</Filter>
    </ClInclude>
    <ClCompile Include="..\..\src\google\protobuf\unittest_arena.pb.cc">
      <Filter>Generated Source Files</Filter>
    </ClCompile>
    <CustomBuild Include="..\..\src\google\protobuf\unittest_custom_features.proto">
      <Filter>Proto Files</Filter>
    </CustomBuild>
    <ClInclude Include="..\..\src\google\protobuf\unittest_custom_features.pb.h">
      <Filter>Generated Header Files</Filter>
    </ClInclude>
    <ClCompile Include="..\..\src\google\protobuf\unittest_custom_features.pb.cc">
      <Filter>Generated Source Files</Filter>
    </ClCompile>
    <CustomBuild Include="..\..\src\google\protobuf\unittest_custom_options_unlinked.proto">
      <Filter>Proto Files</Filter>
    </CustomBuild>
    <ClInclude Include="..\..\src\google\protobuf\unittest_custom_options_unlinked.pb.h">
      <Filter>Generated Header Files</Filter>
    </ClInclude>
    <ClCompile Include="..\..\src\google\protobuf\unittest_custom_options_unlinked.pb.cc">
      <Filter>Generated Source Files</Filter>
    </ClCompile>
    <CustomBuild Include="..\..\src\google\protobuf\unittest_custom_options.proto">
      <Filter>Proto Files</Filter>
    </CustomBuild>
    <ClInclude Include="..\..\src\google\protobuf\unittest_custom_options.pb.h">
      <Filter>Generated Header Files</Filter>
    </ClInclude>
    <ClCompile Include="..\..\src\google\protobuf\unittest_custom_options.pb.cc">
      <Filter>Generated Source Files</Filter>
    </ClCompile>
    <CustomBuild Include="..\..\src\google\protobuf\unittest_delimited_import.proto">
      <Filter>Proto Files</Filter>
    </CustomBuild>
    <ClInclude Include="..\..\src\google\protobuf\unittest_delimited_import.pb.h">
      <Filter>Generated Header Files</Filter>
    </ClInclude>
    <ClCompile Include="..\..\src\google\protobuf\unittest_delimited_import.pb.cc">
      <Filter>Generated Source Files</Filter>
    </ClCompile>
    <CustomBuild Include="..\..\src\google\protobuf\unittest_delimited.proto">
      <Filter>Proto Files</Filter>
    </CustomBuild>
    <ClInclude Include="..\..\src\google\protobuf\unittest_delimited.pb.h">
      <Filter>Generated Header Files</Filter>
    </ClInclude>
    <ClCompile Include="..\..\src\google\protobuf\unittest_delimited.pb.cc">
      <Filter>Generated Source Files</Filter>
    </ClCompile>
    <CustomBuild Include="..\..\src\google\protobuf\unittest_drop_unknown_fields.proto">
      <Filter>Proto Files</Filter>
    </CustomBuild>
    <ClInclude Include="..\..\src\google\protobuf\unittest_drop_unknown_fields.pb.h">
      <Filter>Generated Header Files</Filter>
    </ClInclude>
    <ClCompile Include="..\..\src\google\protobuf\unittest_drop_unknown_fields.pb.cc">
      <Filter>Generated Source Files</Filter>
    </ClCompile>
    <CustomBuild Include="..\..\src\google\protobuf\unittest_embed_optimize_for.proto">
      <Filter>Proto Files</Filter>
    </CustomBuild>
    <ClInclude Include="..\..\src\google\protobuf\unittest_embed_optimize_for.pb.h">
      <Filter>Generated Header Files</Filter>
    </ClInclude>
    <ClCompile Include="..\..\src\google\protobuf\unittest_embed_optimize_for.pb.cc">
      <Filter>Generated Source Files</Filter>
    </ClCompile>
    <CustomBuild Include="..\..\src\google\protobuf\unittest_empty.proto">
      <Filter>Proto Files</Filter>
    </CustomBuild>
    <ClInclude Include="..\..\src\google\protobuf\unittest_empty.pb.h">
      <Filter>Generated Header Files</Filter>
    </ClInclude>
    <ClCompile Include="..\..\src\google\protobuf\unittest_empty.pb.cc">
      <Filter>Generated Source Files</Filter>
    </ClCompile>
    <CustomBuild Include="..\..\src\google\protobuf\unittest_enormous_descriptor.proto">
      <Filter>Proto Files</Filter>
    </CustomBuild>
    <ClInclude Include="..\..\src\google\protobuf\unittest_enormous_descriptor.pb.h">
      <Filter>Generated Header Files</Filter>
    </ClInclude>
    <ClCompile Include="..\..\src\google\protobuf\unittest_enormous_descriptor.pb.cc">
      <Filter>Generated Source Files</Filter>
    </ClCompile>
    <CustomBuild Include="..\..\src\google\protobuf\unittest_extension_set.proto">
      <Filter>Proto Files</Filter>
    </CustomBuild>
    <ClInclude Include="..\..\src\google\protobuf\unittest_extension_set.pb.h">
      <Filter>Generated Header Files</Filter>
    </ClInclude>
    <ClCompile Include="..\..\src\google\protobuf\unittest_extension_set.pb.cc">
      <Filter>Generated Source Files</Filter>
    </ClCompile>
    <CustomBuild Include="..\..\src\google\protobuf\unittest_features.proto">
      <Filter>Proto Files</Filter>
    </CustomBuild>
    <ClInclude Include="..\..\src\google\protobuf\unittest_features.pb.h">
      <Filter>Generated Header Files</Filter>
    </ClInclude>
    <ClCompile Include="..\..\src\google\protobuf\unittest_features.pb.cc">
      <Filter>Generated Source Files</Filter>
    </ClCompile>
    <CustomBuild Include="..\..\src\google\protobuf\unittest_fuzz_extensions.proto">
      <Filter>Proto Files</Filter>
    </CustomBuild>
    <ClInclude Include="..\..\src\google\protobuf\unittest_fuzz_extensions.pb.h">
      <Filter>Generated Header Files</Filter>
    </ClInclude>
    <ClCompile Include="..\..\src\google\protobuf\unittest_fuzz_extensions.pb.cc">
      <Filter>Generated Source Files</Filter>
    </ClCompile>
    <CustomBuild Include="..\..\src\google\protobuf\unittest_import_lite.proto">
      <Filter>Proto Files</Filter>
    </CustomBuild>
    <ClInclude Include="..\..\src\google\protobuf\unittest_import_lite.pb.h">
      <Filter>Generated Header Files</Filter>
    </ClInclude>
    <ClCompile Include="..\..\src\google\protobuf\unittest_import_lite.pb.cc">
      <Filter>Generated Source Files</Filter>
    </ClCompile>
    <CustomBuild Include="..\..\src\google\protobuf\unittest_import_option.proto">
      <Filter>Proto Files</Filter>
    </CustomBuild>
    <ClInclude Include="..\..\src\google\protobuf\unittest_import_option.pb.h">
      <Filter>Generated Header Files</Filter>
    </ClInclude>
    <ClCompile Include="..\..\src\google\protobuf\unittest_import_option.pb.cc">
      <Filter>Generated Source Files</Filter>
    </ClCompile>
    <CustomBuild Include="..\..\src\google\protobuf\unittest_import_public_lite.proto">
      <Filter>Proto Files</Filter>
    </CustomBuild>
    <ClInclude Include="..\..\src\google\protobuf\unittest_import_public_lite.pb.h">
      <Filter>Generated Header Files</Filter>
    </ClInclude>
    <ClCompile Include="..\..\src\google\protobuf\unittest_import_public_lite.pb.cc">
      <Filter>Generated Source Files</Filter>
    </ClCompile>
    <CustomBuild Include="..\..\src\google\protobuf\unittest_import_public.proto">
      <Filter>Proto Files</Filter>
    </CustomBuild>
    <ClInclude Include="..\..\src\google\protobuf\unittest_import_public.pb.h">
      <Filter>Generated Header Files</Filter>
    </ClInclude>
    <ClCompile Include="..\..\src\google\protobuf\unittest_import_public.pb.cc">
      <Filter>Generated Source Files</Filter>
    </ClCompile>
    <CustomBuild Include="..\..\src\google\protobuf\unittest_import.proto">
      <Filter>Proto Files</Filter>
    </CustomBuild>
    <ClInclude Include="..\..\src\google\protobuf\unittest_import.pb.h">
      <Filter>Generated Header Files</Filter>
    </ClInclude>
    <ClCompile Include="..\..\src\google\protobuf\unittest_import.pb.cc">
      <Filter>Generated Source Files</Filter>
    </ClCompile>
    <CustomBuild Include="..\..\src\google\protobuf\unittest_invalid_features.proto">
      <Filter>Proto Files</Filter>
    </CustomBuild>
    <ClInclude Include="..\..\src\google\protobuf\unittest_invalid_features.pb.h">
      <Filter>Generated Header Files</Filter>
    </ClInclude>
    <ClCompile Include="..\..\src\google\protobuf\unittest_invalid_features.pb.cc">
      <Filter>Generated Source Files</Filter>
    </ClCompile>
    <CustomBuild Include="..\..\src\google\protobuf\unittest_lazy_dependencies_custom_option.proto">
      <Filter>Proto Files</Filter>
    </CustomBuild>
    <ClInclude Include="..\..\src\google\protobuf\unittest_lazy_dependencies_custom_option.pb.h">
      <Filter>Generated Header Files</Filter>
    </ClInclude>
    <ClCompile Include="..\..\src\google\protobuf\unittest_lazy_dependencies_custom_option.pb.cc">
      <Filter>Generated Source Files</Filter>
    </ClCompile>
    <CustomBuild Include="..\..\src\google\protobuf\unittest_lazy_dependencies_enum.proto">
      <Filter>Proto Files</Filter>
    </CustomBuild>
    <ClInclude Include="..\..\src\google\protobuf\unittest_lazy_dependencies_enum.pb.h">
      <Filter>Generated Header Files</Filter>
    </ClInclude>
    <ClCompile Include="..\..\src\google\protobuf\unittest_lazy_dependencies_enum.pb.cc">
      <Filter>Generated Source Files</Filter>
    </ClCompile>
    <CustomBuild Include="..\..\src\google\protobuf\unittest_lazy_dependencies.proto">
      <Filter>Proto Files</Filter>
    </CustomBuild>
    <ClInclude Include="..\..\src\google\protobuf\unittest_lazy_dependencies.pb.h">
      <Filter>Generated Header Files</Filter>
    </ClInclude>
    <ClCompile Include="..\..\src\google\protobuf\unittest_lazy_dependencies.pb.cc">
      <Filter>Generated Source Files</Filter>
    </ClCompile>
    <CustomBuild Include="..\..\src\google\protobuf\unittest_lite_edition_2024.proto">
      <Filter>Proto Files</Filter>
    </CustomBuild>
    <ClInclude Include="..\..\src\google\protobuf\unittest_lite_edition_2024.pb.h">
      <Filter>Generated Header Files</Filter>
    </ClInclude>
    <ClCompile Include="..\..\src\google\protobuf\unittest_lite_edition_2024.pb.cc">
      <Filter>Generated Source Files</Filter>
    </ClCompile>
    <CustomBuild Include="..\..\src\google\protobuf\unittest_lite_imports_nonlite.proto">
      <Filter>Proto Files</Filter>
    </CustomBuild>
    <ClInclude Include="..\..\src\google\protobuf\unittest_lite_imports_nonlite.pb.h">
      <Filter>Generated Header Files</Filter>
    </ClInclude>
    <ClCompile Include="..\..\src\google\protobuf\unittest_lite_imports_nonlite.pb.cc">
      <Filter>Generated Source Files</Filter>
    </ClCompile>
    <CustomBuild Include="..\..\src\google\protobuf\unittest_lite.proto">
      <Filter>Proto Files</Filter>
    </CustomBuild>
    <ClInclude Include="..\..\src\google\protobuf\unittest_lite.pb.h">
      <Filter>Generated Header Files</Filter>
    </ClInclude>
    <ClCompile Include="..\..\src\google\protobuf\unittest_lite.pb.cc">
      <Filter>Generated Source Files</Filter>
    </ClCompile>
    <CustomBuild Include="..\..\src\google\protobuf\unittest_mset_wire_format.proto">
      <Filter>Proto Files</Filter>
    </CustomBuild>
    <ClInclude Include="..\..\src\google\protobuf\unittest_mset_wire_format.pb.h">
      <Filter>Generated Header Files</Filter>
    </ClInclude>
    <ClCompile Include="..\..\src\google\protobuf\unittest_mset_wire_format.pb.cc">
      <Filter>Generated Source Files</Filter>
    </ClCompile>
    <CustomBuild Include="..\..\src\google\protobuf\unittest_mset.proto">
      <Filter>Proto Files</Filter>
    </CustomBuild>
    <ClInclude Include="..\..\src\google\protobuf\unittest_mset.pb.h">
      <Filter>Generated Header Files</Filter>
    </ClInclude>
    <ClCompile Include="..\..\src\google\protobuf\unittest_mset.pb.cc">
      <Filter>Generated Source Files</Filter>
    </ClCompile>
    <CustomBuild Include="..\..\src\google\protobuf\unittest_no_field_presence.proto">
      <Filter>Proto Files</Filter>
    </CustomBuild>
    <ClInclude Include="..\..\src\google\protobuf\unittest_no_field_presence.pb.h">
      <Filter>Generated Header Files</Filter>
    </ClInclude>
    <ClCompile Include="..\..\src\google\protobuf\unittest_no_field_presence.pb.cc">
      <Filter>Generated Source Files</Filter>
    </ClCompile>
    <CustomBuild Include="..\..\src\google\protobuf\unittest_no_generic_services.proto">
      <Filter>Proto Files</Filter>
    </CustomBuild>
    <ClInclude Include="..\..\src\google\protobuf\unittest_no_generic_services.pb.h">
      <Filter>Generated Header Files</Filter>
    </ClInclude>
    <ClCompile Include="..\..\src\google\protobuf\unittest_no_generic_services.pb.cc">
      <Filter>Generated Source Files</Filter>
    </ClCompile>
    <CustomBuild Include="..\..\src\google\protobuf\unittest_optimize_for.proto">
      <Filter>Proto Files</Filter>
    </CustomBuild>
    <ClInclude Include="..\..\src\google\protobuf\unittest_optimize_for.pb.h">
      <Filter>Generated Header Files</Filter>
    </ClInclude>
    <ClCompile Include="..\..\src\google\protobuf\unittest_optimize_for.pb.cc">
      <Filter>Generated Source Files</Filter>
    </ClCompile>
    <CustomBuild Include="..\..\src\google\protobuf\unittest_preserve_unknown_enum.proto">
      <Filter>Proto Files</Filter>
    </CustomBuild>
    <ClInclude Include="..\..\src\google\protobuf\unittest_preserve_unknown_enum.pb.h">
      <Filter>Generated Header Files</Filter>
    </ClInclude>
    <ClCompile Include="..\..\src\google\protobuf\unittest_preserve_unknown_enum.pb.cc">
      <Filter>Generated Source Files</Filter>
    </ClCompile>
    <CustomBuild Include="..\..\src\google\protobuf\unittest_preserve_unknown_enum2.proto">
      <Filter>Proto Files</Filter>
    </CustomBuild>
    <ClInclude Include="..\..\src\google\protobuf\unittest_preserve_unknown_enum2.pb.h">
      <Filter>Generated Header Files</Filter>
    </ClInclude>
    <ClCompile Include="..\..\src\google\protobuf\unittest_preserve_unknown_enum2.pb.cc">
      <Filter>Generated Source Files</Filter>
    </ClCompile>
    <CustomBuild Include="..\..\src\google\protobuf\unittest_proto3_arena_lite.proto">
      <Filter>Proto Files</Filter>
    </CustomBuild>
    <ClInclude Include="..\..\src\google\protobuf\unittest_proto3_arena_lite.pb.h">
      <Filter>Generated Header Files</Filter>
    </ClInclude>
    <ClCompile Include="..\..\src\google\protobuf\unittest_proto3_arena_lite.pb.cc">
      <Filter>Generated Source Files</Filter>
    </ClCompile>
    <CustomBuild Include="..\..\src\google\protobuf\unittest_proto3_arena.proto">
      <Filter>Proto Files</Filter>
    </CustomBuild>
    <ClInclude Include="..\..\src\google\protobuf\unittest_proto3_arena.pb.h">
      <Filter>Generated Header Files</Filter>
    </ClInclude>
    <ClCompile Include="..\..\src\google\protobuf\unittest_proto3_arena.pb.cc">
      <Filter>Generated Source Files</Filter>
    </ClCompile>
    <CustomBuild Include="..\..\src\google\protobuf\unittest_proto3_bad_macros.proto">
      <Filter>Proto Files</Filter>
    </CustomBuild>
    <ClInclude Include="..\..\src\google\protobuf\unittest_proto3_bad_macros.pb.h">
      <Filter>Generated Header Files</Filter>
    </ClInclude>
    <ClCompile Include="..\..\src\google\protobuf\unittest_proto3_bad_macros.pb.cc">
      <Filter>Generated Source Files</Filter>
    </ClCompile>
    <CustomBuild Include="..\..\src\google\protobuf\unittest_proto3_extensions.proto">
      <Filter>Proto Files</Filter>
    </CustomBuild>
    <ClInclude Include="..\..\src\google\protobuf\unittest_proto3_extensions.pb.h">
      <Filter>Generated Header Files</Filter>
    </ClInclude>
    <ClCompile Include="..\..\src\google\protobuf\unittest_proto3_extensions.pb.cc">
      <Filter>Generated Source Files</Filter>
    </ClCompile>
    <CustomBuild Include="..\..\src\google\protobuf\unittest_proto3_lite.proto">
      <Filter>Proto Files</Filter>
    </CustomBuild>
    <ClInclude Include="..\..\src\google\protobuf\unittest_proto3_lite.pb.h">
      <Filter>Generated Header Files</Filter>
    </ClInclude>
    <ClCompile Include="..\..\src\google\protobuf\unittest_proto3_lite.pb.cc">
      <Filter>Generated Source Files</Filter>
    </ClCompile>
    <CustomBuild Include="..\..\src\google\protobuf\unittest_proto3_optional.proto">
      <Filter>Proto Files</Filter>
    </CustomBuild>
    <ClInclude Include="..\..\src\google\protobuf\unittest_proto3_optional.pb.h">
      <Filter>Generated Header Files</Filter>
    </ClInclude>
    <ClCompile Include="..\..\src\google\protobuf\unittest_proto3_optional.pb.cc">
      <Filter>Generated Source Files</Filter>
    </ClCompile>
    <CustomBuild Include="..\..\src\google\protobuf\unittest_proto3.proto">
      <Filter>Proto Files</Filter>
    </CustomBuild>
    <ClInclude Include="..\..\src\google\protobuf\unittest_proto3.pb.h">
      <Filter>Generated Header Files</Filter>
    </ClInclude>
    <ClCompile Include="..\..\src\google\protobuf\unittest_proto3.pb.cc">
      <Filter>Generated Source Files</Filter>
    </ClCompile>
    <CustomBuild Include="..\..\src\google\protobuf\unittest_redaction.proto">
      <Filter>Proto Files</Filter>
    </CustomBuild>
    <ClInclude Include="..\..\src\google\protobuf\unittest_redaction.pb.h">
      <Filter>Generated Header Files</Filter>
    </ClInclude>
    <ClCompile Include="..\..\src\google\protobuf\unittest_redaction.pb.cc">
      <Filter>Generated Source Files</Filter>
    </ClCompile>
    <CustomBuild Include="..\..\src\google\protobuf\unittest_retention.proto">
      <Filter>Proto Files</Filter>
    </CustomBuild>
    <ClInclude Include="..\..\src\google\protobuf\unittest_retention.pb.h">
      <Filter>Generated Header Files</Filter>
    </ClInclude>
    <ClCompile Include="..\..\src\google\protobuf\unittest_retention.pb.cc">
      <Filter>Generated Source Files</Filter>
    </ClCompile>
    <CustomBuild Include="..\..\src\google\protobuf\unittest_string_type.proto">
      <Filter>Proto Files</Filter>
    </CustomBuild>
    <ClInclude Include="..\..\src\google\protobuf\unittest_string_type.pb.h">
      <Filter>Generated Header Files</Filter>
    </ClInclude>
    <ClCompile Include="..\..\src\google\protobuf\unittest_string_type.pb.cc">
      <Filter>Generated Source Files</Filter>
    </ClCompile>
    <CustomBuild Include="..\..\src\google\protobuf\unittest_string_view.proto">
      <Filter>Proto Files</Filter>
    </CustomBuild>
    <ClInclude Include="..\..\src\google\protobuf\unittest_string_view.pb.h">
      <Filter>Generated Header Files</Filter>
    </ClInclude>
    <ClCompile Include="..\..\src\google\protobuf\unittest_string_view.pb.cc">
      <Filter>Generated Source Files</Filter>
    </ClCompile>
    <CustomBuild Include="..\..\src\google\protobuf\unittest_utf8_string_extensions.proto">
      <Filter>Proto Files</Filter>
    </CustomBuild>
    <ClInclude Include="..\..\src\google\protobuf\unittest_utf8_string_extensions.pb.h">
      <Filter>Generated Header Files</Filter>
    </ClInclude>
    <ClCompile Include="..\..\src\google\protobuf\unittest_utf8_string_extensions.pb.cc">
      <Filter>Generated Source Files</Filter>
    </ClCompile>
    <CustomBuild Include="..\..\src\google\protobuf\unittest_well_known_types.proto">
      <Filter>Proto Files</Filter>
    </CustomBuild>
    <ClInclude Include="..\..\src\google\protobuf\unittest_well_known_types.pb.h">
      <Filter>Generated Header Files</Filter>
    </ClInclude>
    <ClCompile Include="..\..\src\google\protobuf\unittest_well_known_types.pb.cc">
      <Filter>Generated Source Files</Filter>
    </ClCompile>
    <CustomBuild Include="..\..\src\google\protobuf\unittest.proto">
      <Filter>Proto Files</Filter>
    </CustomBuild>
    <ClInclude Include="..\..\src\google\protobuf\unittest.pb.h">
      <Filter>Generated Header Files</Filter>
    </ClInclude>
    <ClCompile Include="..\..\src\google\protobuf\unittest.pb.cc">
      <Filter>Generated Source Files</Filter>
    </ClCompile>
    <CustomBuild Include="..\..\src\google\protobuf\compiler\cpp\test_bad_identifiers_editions.proto">
      <Filter>Proto Files</Filter>
    </CustomBuild>
    <ClInclude Include="..\..\src\google\protobuf\compiler\cpp\test_bad_identifiers_editions.pb.h">
      <Filter>Generated Header Files</Filter>
    </ClInclude>
    <ClCompile Include="..\..\src\google\protobuf\compiler\cpp\test_bad_identifiers_editions.pb.cc">
      <Filter>Generated Source Files</Filter>
    </ClCompile>
    <CustomBuild Include="..\..\src\google\protobuf\compiler\cpp\test_bad_identifiers_proto2.proto">
      <Filter>Proto Files</Filter>
    </CustomBuild>
    <ClInclude Include="..\..\src\google\protobuf\compiler\cpp\test_bad_identifiers_proto2.pb.h">
      <Filter>Generated Header Files</Filter>
    </ClInclude>
    <ClCompile Include="..\..\src\google\protobuf\compiler\cpp\test_bad_identifiers_proto2.pb.cc">
      <Filter>Generated Source Files</Filter>
    </ClCompile>
    <CustomBuild Include="..\..\src\google\protobuf\compiler\cpp\test_large_enum_value.proto">
      <Filter>Proto Files</Filter>
    </CustomBuild>
    <ClInclude Include="..\..\src\google\protobuf\compiler\cpp\test_large_enum_value.pb.h">
      <Filter>Generated Header Files</Filter>
    </ClInclude>
    <ClCompile Include="..\..\src\google\protobuf\compiler\cpp\test_large_enum_value.pb.cc">
      <Filter>Generated Source Files</Filter>
    </ClCompile>
    <CustomBuild Include="..\..\editions\golden\simple_proto2_import.proto">
      <Filter>Proto Files</Filter>
    </CustomBuild>
    <ClInclude Include="..\..\editions\golden\simple_proto2_import.pb.h">
      <Filter>Generated Header Files</Filter>
    </ClInclude>
    <ClCompile Include="..\..\editions\golden\simple_proto2_import.pb.cc">
      <Filter>Generated Source Files</Filter>
    </ClCompile>
    <CustomBuild Include="..\..\editions\golden\simple_proto2.proto">
      <Filter>Proto Files</Filter>
    </CustomBuild>
    <ClInclude Include="..\..\editions\golden\simple_proto2.pb.h">
      <Filter>Generated Header Files</Filter>
    </ClInclude>
    <ClCompile Include="..\..\editions\golden\simple_proto2.pb.cc">
      <Filter>Generated Source Files</Filter>
    </ClCompile>
    <CustomBuild Include="..\..\editions\golden\simple_proto3.proto">
      <Filter>Proto Files</Filter>
    </CustomBuild>
    <ClInclude Include="..\..\editions\golden\simple_proto3.pb.h">
      <Filter>Generated Header Files</Filter>
    </ClInclude>
    <ClCompile Include="..\..\editions\golden\simple_proto3.pb.cc">
      <Filter>Generated Source Files</Filter>
    </ClCompile>
    <CustomBuild Include="..\..\editions\golden\test_messages_proto2_editions.proto">
      <Filter>Proto Files</Filter>
    </CustomBuild>
    <ClInclude Include="..\..\editions\golden\test_messages_proto2_editions.pb.h">
      <Filter>Generated Header Files</Filter>
    </ClInclude>
    <ClCompile Include="..\..\editions\golden\test_messages_proto2_editions.pb.cc">
      <Filter>Generated Source Files</Filter>
    </ClCompile>
    <CustomBuild Include="..\..\editions\golden\test_messages_proto3_editions.proto">
      <Filter>Proto Files</Filter>
    </CustomBuild>
    <ClInclude Include="..\..\editions\golden\test_messages_proto3_editions.pb.h">
      <Filter>Generated Header Files</Filter>
    </ClInclude>
    <ClCompile Include="..\..\editions\golden\test_messages_proto3_editions.pb.cc">
      <Filter>Generated Source Files</Filter>
    </ClCompile>
    <CustomBuild Include="..\..\editions\input\test_editions_default_features.proto">
      <Filter>Proto Files</Filter>
    </CustomBuild>
    <ClInclude Include="..\..\editions\input\test_editions_default_features.pb.h">
      <Filter>Generated Header Files</Filter>
    </ClInclude>
    <ClCompile Include="..\..\editions\input\test_editions_default_features.pb.cc">
      <Filter>Generated Source Files</Filter>
    </ClCompile>
  </ItemGroup>
</Project>