<?xml version="1.0" encoding="utf-8"?>
<Project ToolsVersion="4.0" xmlns="http://schemas.microsoft.com/developer/msbuild/2003">
  <ItemGroup>
    <Filter Include="Source Files">
      <UniqueIdentifier>{86AE43AD-3012-4279-A4AA-315AD53956FE}</UniqueIdentifier>
      <Extensions>cpp;c;cc;cxx;def;odl;idl;hpj;bat;asm;asmx</Extensions>
    </Filter>
    <Filter Include="Header Files">
      <UniqueIdentifier>{08F1EB7A-5853-4682-9B4B-B7F5B7D40295}</UniqueIdentifier>
      <Extensions>h;hh;hpp;hxx;hm;inl;inc;ipp;xsd</Extensions>
    </Filter>
  </ItemGroup>
  <ItemGroup>
    <ClCompile Include="..\..\src\google\protobuf\compiler\cpp\field_generators\cord_field.cc">
      <Filter>Source Files</Filter>
    </ClCompile>
    <ClCompile Include="..\..\src\google\protobuf\compiler\cpp\field_generators\enum_field.cc">
      <Filter>Source Files</Filter>
    </ClCompile>
    <ClCompile Include="..\..\src\google\protobuf\compiler\cpp\field_generators\generators.h">
      <Filter>Source Files</Filter>
    </ClCompile>
    <ClCompile Include="..\..\src\google\protobuf\compiler\cpp\field_generators\map_field.cc">
      <Filter>Source Files</Filter>
    </ClCompile>
    <ClCompile Include="..\..\src\google\protobuf\compiler\cpp\field_generators\message_field.cc">
      <Filter>Source Files</Filter>
    </ClCompile>
    <ClCompile Include="..\..\src\google\protobuf\compiler\cpp\field_generators\primitive_field.cc">
      <Filter>Source Files</Filter>
    </ClCompile>
    <ClCompile Include="..\..\src\google\protobuf\compiler\cpp\field_generators\string_field.cc">
      <Filter>Source Files</Filter>
    </ClCompile>
    <ClCompile Include="..\..\src\google\protobuf\compiler\cpp\field_generators\string_view_field.cc">
      <Filter>Source Files</Filter>
    </ClCompile>
    <ClCompile Include="..\..\src\google\protobuf\compiler\cpp\tools\analyze_profile_proto_main.cc">
      <Filter>Source Files</Filter>
    </ClCompile>
    <ClCompile Include="..\..\src\google\protobuf\compiler\cpp\tools\analyze_profile_proto_test.cc">
      <Filter>Source Files</Filter>
    </ClCompile>
    <ClCompile Include="..\..\src\google\protobuf\compiler\cpp\tools\analyze_profile_proto.cc">
      <Filter>Source Files</Filter>
    </ClCompile>
    <ClCompile Include="..\..\src\google\protobuf\compiler\cpp\tools\analyze_profile_proto.h">
      <Filter>Source Files</Filter>
    </ClCompile>
    <ClCompile Include="..\..\src\google\protobuf\compiler\cpp\arena_ctor_visibility_test.cc">
      <Filter>Source Files</Filter>
    </ClCompile>
    <ClCompile Include="..\..\src\google\protobuf\compiler\cpp\bootstrap_unittest.cc">
      <Filter>Source Files</Filter>
    </ClCompile>
    <ClCompile Include="..\..\src\google\protobuf\compiler\cpp\copy_unittest.cc">
      <Filter>Source Files</Filter>
    </ClCompile>
    <ClCompile Include="..\..\src\google\protobuf\compiler\cpp\cpp_generator.h">
      <Filter>Source Files</Filter>
    </ClCompile>
    <ClCompile Include="..\..\src\google\protobuf\compiler\cpp\enum.cc">
      <Filter>Source Files</Filter>
    </ClCompile>
    <ClCompile Include="..\..\src\google\protobuf\compiler\cpp\enum.h">
      <Filter>Source Files</Filter>
    </ClCompile>
    <ClCompile Include="..\..\src\google\protobuf\compiler\cpp\extension.cc">
      <Filter>Source Files</Filter>
    </ClCompile>
    <ClCompile Include="..\..\src\google\protobuf\compiler\cpp\extension.h">
      <Filter>Source Files</Filter>
    </ClCompile>
    <ClCompile Include="..\..\src\google\protobuf\compiler\cpp\field_chunk_test.cc">
      <Filter>Source Files</Filter>
    </ClCompile>
    <ClCompile Include="..\..\src\google\protobuf\compiler\cpp\field_chunk.cc">
      <Filter>Source Files</Filter>
    </ClCompile>
    <ClCompile Include="..\..\src\google\protobuf\compiler\cpp\field_chunk.h">
      <Filter>Source Files</Filter>
    </ClCompile>
    <ClCompile Include="..\..\src\google\protobuf\compiler\cpp\field.cc">
      <Filter>Source Files</Filter>
    </ClCompile>
    <ClCompile Include="..\..\src\google\protobuf\compiler\cpp\field.h">
      <Filter>Source Files</Filter>
    </ClCompile>
    <ClCompile Include="..\..\src\google\protobuf\compiler\cpp\file_unittest.cc">
      <Filter>Source Files</Filter>
    </ClCompile>
    <ClCompile Include="..\..\src\google\protobuf\compiler\cpp\file.cc">
      <Filter>Source Files</Filter>
    </ClCompile>
    <ClCompile Include="..\..\src\google\protobuf\compiler\cpp\file.h">
      <Filter>Source Files</Filter>
    </ClCompile>
    <ClCompile Include="..\..\src\google\protobuf\compiler\cpp\generator_unittest.cc">
      <Filter>Source Files</Filter>
    </ClCompile>
    <ClCompile Include="..\..\src\google\protobuf\compiler\cpp\generator.cc">
      <Filter>Source Files</Filter>
    </ClCompile>
    <ClCompile Include="..\..\src\google\protobuf\compiler\cpp\generator.h">
      <Filter>Source Files</Filter>
    </ClCompile>
    <ClCompile Include="..\..\src\google\protobuf\compiler\cpp\helpers.cc">
      <Filter>Source Files</Filter>
    </ClCompile>
    <ClCompile Include="..\..\src\google\protobuf\compiler\cpp\helpers.h">
      <Filter>Source Files</Filter>
    </ClCompile>
    <ClCompile Include="..\..\src\google\protobuf\compiler\cpp\ifndef_guard_unittest.cc">
      <Filter>Source Files</Filter>
    </ClCompile>
    <ClCompile Include="..\..\src\google\protobuf\compiler\cpp\ifndef_guard.cc">
      <Filter>Source Files</Filter>
    </ClCompile>
    <ClCompile Include="..\..\src\google\protobuf\compiler\cpp\ifndef_guard.h">
      <Filter>Source Files</Filter>
    </ClCompile>
    <ClCompile Include="..\..\src\google\protobuf\compiler\cpp\main.cc">
      <Filter>Source Files</Filter>
    </ClCompile>
    <ClCompile Include="..\..\src\google\protobuf\compiler\cpp\message_layout_helper.cc">
      <Filter>Source Files</Filter>
    </ClCompile>
    <ClCompile Include="..\..\src\google\protobuf\compiler\cpp\message_layout_helper.h">
      <Filter>Source Files</Filter>
    </ClCompile>
    <ClCompile Include="..\..\src\google\protobuf\compiler\cpp\message_size_unittest.cc">
      <Filter>Source Files</Filter>
    </ClCompile>
    <ClCompile Include="..\..\src\google\protobuf\compiler\cpp\message.cc">
      <Filter>Source Files</Filter>
    </ClCompile>
    <ClCompile Include="..\..\src\google\protobuf\compiler\cpp\message.h">
      <Filter>Source Files</Filter>
    </ClCompile>
    <ClCompile Include="..\..\src\google\protobuf\compiler\cpp\metadata_test.cc">
      <Filter>Source Files</Filter>
    </ClCompile>
    <ClCompile Include="..\..\src\google\protobuf\compiler\cpp\move_unittest.cc">
      <Filter>Source Files</Filter>
    </ClCompile>
    <ClCompile Include="..\..\src\google\protobuf\compiler\cpp\names.h">
      <Filter>Source Files</Filter>
    </ClCompile>
    <ClCompile Include="..\..\src\google\protobuf\compiler\cpp\namespace_printer_unittest.cc">
      <Filter>Source Files</Filter>
    </ClCompile>
    <ClCompile Include="..\..\src\google\protobuf\compiler\cpp\namespace_printer.cc">
      <Filter>Source Files</Filter>
    </ClCompile>
    <ClCompile Include="..\..\src\google\protobuf\compiler\cpp\namespace_printer.h">
      <Filter>Source Files</Filter>
    </ClCompile>
    <ClCompile Include="..\..\src\google\protobuf\compiler\cpp\options.h">
      <Filter>Source Files</Filter>
    </ClCompile>
    <ClCompile Include="..\..\src\google\protobuf\compiler\cpp\padding_optimizer.h">
      <Filter>Source Files</Filter>
    </ClCompile>
    <ClCompile Include="..\..\src\google\protobuf\compiler\cpp\parse_function_generator.cc">
      <Filter>Source Files</Filter>
    </ClCompile>
    <ClCompile Include="..\..\src\google\protobuf\compiler\cpp\parse_function_generator.h">
      <Filter>Source Files</Filter>
    </ClCompile>
    <ClCompile Include="..\..\src\google\protobuf\compiler\cpp\plugin_unittest.cc">
      <Filter>Source Files</Filter>
    </ClCompile>
    <ClCompile Include="..\..\src\google\protobuf\compiler\cpp\service.cc">
      <Filter>Source Files</Filter>
    </ClCompile>
    <ClCompile Include="..\..\src\google\protobuf\compiler\cpp\service.h">
      <Filter>Source Files</Filter>
    </ClCompile>
    <ClCompile Include="..\..\src\google\protobuf\compiler\cpp\tracker.cc">
      <Filter>Source Files</Filter>
    </ClCompile>
    <ClCompile Include="..\..\src\google\protobuf\compiler\cpp\tracker.h">
      <Filter>Source Files</Filter>
    </ClCompile>
    <ClCompile Include="..\..\src\google\protobuf\compiler\cpp\unittest.cc">
      <Filter>Source Files</Filter>
    </ClCompile>
    <ClCompile Include="..\..\src\google\protobuf\compiler\cpp\unittest.h">
      <Filter>Source Files</Filter>
    </ClCompile>
    <ClCompile Include="..\..\src\google\protobuf\compiler\csharp\csharp_bootstrap_unittest.cc">
      <Filter>Source Files</Filter>
    </ClCompile>
    <ClCompile Include="..\..\src\google\protobuf\compiler\csharp\csharp_doc_comment.cc">
      <Filter>Source Files</Filter>
    </ClCompile>
    <ClCompile Include="..\..\src\google\protobuf\compiler\csharp\csharp_doc_comment.h">
      <Filter>Source Files</Filter>
    </ClCompile>
    <ClCompile Include="..\..\src\google\protobuf\compiler\csharp\csharp_enum_field.cc">
      <Filter>Source Files</Filter>
    </ClCompile>
    <ClCompile Include="..\..\src\google\protobuf\compiler\csharp\csharp_enum_field.h">
      <Filter>Source Files</Filter>
    </ClCompile>
    <ClCompile Include="..\..\src\google\protobuf\compiler\csharp\csharp_enum.cc">
      <Filter>Source Files</Filter>
    </ClCompile>
    <ClCompile Include="..\..\src\google\protobuf\compiler\csharp\csharp_enum.h">
      <Filter>Source Files</Filter>
    </ClCompile>
    <ClCompile Include="..\..\src\google\protobuf\compiler\csharp\csharp_field_base.cc">
      <Filter>Source Files</Filter>
    </ClCompile>
    <ClCompile Include="..\..\src\google\protobuf\compiler\csharp\csharp_field_base.h">
      <Filter>Source Files</Filter>
    </ClCompile>
    <ClCompile Include="..\..\src\google\protobuf\compiler\csharp\csharp_generator_unittest.cc">
      <Filter>Source Files</Filter>
    </ClCompile>
    <ClCompile Include="..\..\src\google\protobuf\compiler\csharp\csharp_generator.cc">
      <Filter>Source Files</Filter>
    </ClCompile>
    <ClCompile Include="..\..\src\google\protobuf\compiler\csharp\csharp_generator.h">
      <Filter>Source Files</Filter>
    </ClCompile>
    <ClCompile Include="..\..\src\google\protobuf\compiler\csharp\csharp_helpers.cc">
      <Filter>Source Files</Filter>
    </ClCompile>
    <ClCompile Include="..\..\src\google\protobuf\compiler\csharp\csharp_helpers.h">
      <Filter>Source Files</Filter>
    </ClCompile>
    <ClCompile Include="..\..\src\google\protobuf\compiler\csharp\csharp_map_field.cc">
      <Filter>Source Files</Filter>
    </ClCompile>
    <ClCompile Include="..\..\src\google\protobuf\compiler\csharp\csharp_map_field.h">
      <Filter>Source Files</Filter>
    </ClCompile>
    <ClCompile Include="..\..\src\google\protobuf\compiler\csharp\csharp_message_field.cc">
      <Filter>Source Files</Filter>
    </ClCompile>
    <ClCompile Include="..\..\src\google\protobuf\compiler\csharp\csharp_message_field.h">
      <Filter>Source Files</Filter>
    </ClCompile>
    <ClCompile Include="..\..\src\google\protobuf\compiler\csharp\csharp_message.cc">
      <Filter>Source Files</Filter>
    </ClCompile>
    <ClCompile Include="..\..\src\google\protobuf\compiler\csharp\csharp_message.h">
      <Filter>Source Files</Filter>
    </ClCompile>
    <ClCompile Include="..\..\src\google\protobuf\compiler\csharp\csharp_options.h">
      <Filter>Source Files</Filter>
    </ClCompile>
    <ClCompile Include="..\..\src\google\protobuf\compiler\csharp\csharp_primitive_field.cc">
      <Filter>Source Files</Filter>
    </ClCompile>
    <ClCompile Include="..\..\src\google\protobuf\compiler\csharp\csharp_primitive_field.h">
      <Filter>Source Files</Filter>
    </ClCompile>
    <ClCompile Include="..\..\src\google\protobuf\compiler\csharp\csharp_reflection_class.cc">
      <Filter>Source Files</Filter>
    </ClCompile>
    <ClCompile Include="..\..\src\google\protobuf\compiler\csharp\csharp_reflection_class.h">
      <Filter>Source Files</Filter>
    </ClCompile>
    <ClCompile Include="..\..\src\google\protobuf\compiler\csharp\csharp_repeated_enum_field.cc">
      <Filter>Source Files</Filter>
    </ClCompile>
    <ClCompile Include="..\..\src\google\protobuf\compiler\csharp\csharp_repeated_enum_field.h">
      <Filter>Source Files</Filter>
    </ClCompile>
    <ClCompile Include="..\..\src\google\protobuf\compiler\csharp\csharp_repeated_message_field.cc">
      <Filter>Source Files</Filter>
    </ClCompile>
    <ClCompile Include="..\..\src\google\protobuf\compiler\csharp\csharp_repeated_message_field.h">
      <Filter>Source Files</Filter>
    </ClCompile>
    <ClCompile Include="..\..\src\google\protobuf\compiler\csharp\csharp_repeated_primitive_field.cc">
      <Filter>Source Files</Filter>
    </ClCompile>
    <ClCompile Include="..\..\src\google\protobuf\compiler\csharp\csharp_repeated_primitive_field.h">
      <Filter>Source Files</Filter>
    </ClCompile>
    <ClCompile Include="..\..\src\google\protobuf\compiler\csharp\csharp_source_generator_base.cc">
      <Filter>Source Files</Filter>
    </ClCompile>
    <ClCompile Include="..\..\src\google\protobuf\compiler\csharp\csharp_source_generator_base.h">
      <Filter>Source Files</Filter>
    </ClCompile>
    <ClCompile Include="..\..\src\google\protobuf\compiler\csharp\csharp_wrapper_field.cc">
      <Filter>Source Files</Filter>
    </ClCompile>
    <ClCompile Include="..\..\src\google\protobuf\compiler\csharp\csharp_wrapper_field.h">
      <Filter>Source Files</Filter>
    </ClCompile>
    <ClCompile Include="..\..\src\google\protobuf\compiler\csharp\names.cc">
      <Filter>Source Files</Filter>
    </ClCompile>
    <ClCompile Include="..\..\src\google\protobuf\compiler\csharp\names.h">
      <Filter>Source Files</Filter>
    </ClCompile>
    <ClCompile Include="..\..\src\google\protobuf\compiler\java\full\enum_field.cc">
      <Filter>Source Files</Filter>
    </ClCompile>
    <ClCompile Include="..\..\src\google\protobuf\compiler\java\full\enum_field.h">
      <Filter>Source Files</Filter>
    </ClCompile>
    <ClCompile Include="..\..\src\google\protobuf\compiler\java\full\enum.cc">
      <Filter>Source Files</Filter>
    </ClCompile>
    <ClCompile Include="..\..\src\google\protobuf\compiler\java\full\enum.h">
      <Filter>Source Files</Filter>
    </ClCompile>
    <ClCompile Include="..\..\src\google\protobuf\compiler\java\full\extension.cc">
      <Filter>Source Files</Filter>
    </ClCompile>
    <ClCompile Include="..\..\src\google\protobuf\compiler\java\full\extension.h">
      <Filter>Source Files</Filter>
    </ClCompile>
    <ClCompile Include="..\..\src\google\protobuf\compiler\java\full\field_generator.h">
      <Filter>Source Files</Filter>
    </ClCompile>
    <ClCompile Include="..\..\src\google\protobuf\compiler\java\full\generator_factory.cc">
      <Filter>Source Files</Filter>
    </ClCompile>
    <ClCompile Include="..\..\src\google\protobuf\compiler\java\full\generator_factory.h">
      <Filter>Source Files</Filter>
    </ClCompile>
    <ClCompile Include="..\..\src\google\protobuf\compiler\java\full\make_field_gens.cc">
      <Filter>Source Files</Filter>
    </ClCompile>
    <ClCompile Include="..\..\src\google\protobuf\compiler\java\full\make_field_gens.h">
      <Filter>Source Files</Filter>
    </ClCompile>
    <ClCompile Include="..\..\src\google\protobuf\compiler\java\full\map_field.cc">
      <Filter>Source Files</Filter>
    </ClCompile>
    <ClCompile Include="..\..\src\google\protobuf\compiler\java\full\map_field.h">
      <Filter>Source Files</Filter>
    </ClCompile>
    <ClCompile Include="..\..\src\google\protobuf\compiler\java\full\message_builder.cc">
      <Filter>Source Files</Filter>
    </ClCompile>
    <ClCompile Include="..\..\src\google\protobuf\compiler\java\full\message_builder.h">
      <Filter>Source Files</Filter>
    </ClCompile>
    <ClCompile Include="..\..\src\google\protobuf\compiler\java\full\message_field.cc">
      <Filter>Source Files</Filter>
    </ClCompile>
    <ClCompile Include="..\..\src\google\protobuf\compiler\java\full\message_field.h">
      <Filter>Source Files</Filter>
    </ClCompile>
    <ClCompile Include="..\..\src\google\protobuf\compiler\java\full\message.cc">
      <Filter>Source Files</Filter>
    </ClCompile>
    <ClCompile Include="..\..\src\google\protobuf\compiler\java\full\message.h">
      <Filter>Source Files</Filter>
    </ClCompile>
    <ClCompile Include="..\..\src\google\protobuf\compiler\java\full\primitive_field.cc">
      <Filter>Source Files</Filter>
    </ClCompile>
    <ClCompile Include="..\..\src\google\protobuf\compiler\java\full\primitive_field.h">
      <Filter>Source Files</Filter>
    </ClCompile>
    <ClCompile Include="..\..\src\google\protobuf\compiler\java\full\service.cc">
      <Filter>Source Files</Filter>
    </ClCompile>
    <ClCompile Include="..\..\src\google\protobuf\compiler\java\full\service.h">
      <Filter>Source Files</Filter>
    </ClCompile>
    <ClCompile Include="..\..\src\google\protobuf\compiler\java\full\string_field.cc">
      <Filter>Source Files</Filter>
    </ClCompile>
    <ClCompile Include="..\..\src\google\protobuf\compiler\java\full\string_field.h">
      <Filter>Source Files</Filter>
    </ClCompile>
    <ClCompile Include="..\..\src\google\protobuf\compiler\java\lite\enum_field.cc">
      <Filter>Source Files</Filter>
    </ClCompile>
    <ClCompile Include="..\..\src\google\protobuf\compiler\java\lite\enum_field.h">
      <Filter>Source Files</Filter>
    </ClCompile>
    <ClCompile Include="..\..\src\google\protobuf\compiler\java\lite\enum.cc">
      <Filter>Source Files</Filter>
    </ClCompile>
    <ClCompile Include="..\..\src\google\protobuf\compiler\java\lite\enum.h">
      <Filter>Source Files</Filter>
    </ClCompile>
    <ClCompile Include="..\..\src\google\protobuf\compiler\java\lite\extension.cc">
      <Filter>Source Files</Filter>
    </ClCompile>
    <ClCompile Include="..\..\src\google\protobuf\compiler\java\lite\extension.h">
      <Filter>Source Files</Filter>
    </ClCompile>
    <ClCompile Include="..\..\src\google\protobuf\compiler\java\lite\field_generator.h">
      <Filter>Source Files</Filter>
    </ClCompile>
    <ClCompile Include="..\..\src\google\protobuf\compiler\java\lite\generator_factory.cc">
      <Filter>Source Files</Filter>
    </ClCompile>
    <ClCompile Include="..\..\src\google\protobuf\compiler\java\lite\generator_factory.h">
      <Filter>Source Files</Filter>
    </ClCompile>
    <ClCompile Include="..\..\src\google\protobuf\compiler\java\lite\make_field_gens.cc">
      <Filter>Source Files</Filter>
    </ClCompile>
    <ClCompile Include="..\..\src\google\protobuf\compiler\java\lite\make_field_gens.h">
      <Filter>Source Files</Filter>
    </ClCompile>
    <ClCompile Include="..\..\src\google\protobuf\compiler\java\lite\map_field.cc">
      <Filter>Source Files</Filter>
    </ClCompile>
    <ClCompile Include="..\..\src\google\protobuf\compiler\java\lite\map_field.h">
      <Filter>Source Files</Filter>
    </ClCompile>
    <ClCompile Include="..\..\src\google\protobuf\compiler\java\lite\message_builder.cc">
      <Filter>Source Files</Filter>
    </ClCompile>
    <ClCompile Include="..\..\src\google\protobuf\compiler\java\lite\message_builder.h">
      <Filter>Source Files</Filter>
    </ClCompile>
    <ClCompile Include="..\..\src\google\protobuf\compiler\java\lite\message_field.cc">
      <Filter>Source Files</Filter>
    </ClCompile>
    <ClCompile Include="..\..\src\google\protobuf\compiler\java\lite\message_field.h">
      <Filter>Source Files</Filter>
    </ClCompile>
    <ClCompile Include="..\..\src\google\protobuf\compiler\java\lite\message.cc">
      <Filter>Source Files</Filter>
    </ClCompile>
    <ClCompile Include="..\..\src\google\protobuf\compiler\java\lite\message.h">
      <Filter>Source Files</Filter>
    </ClCompile>
    <ClCompile Include="..\..\src\google\protobuf\compiler\java\lite\primitive_field.cc">
      <Filter>Source Files</Filter>
    </ClCompile>
    <ClCompile Include="..\..\src\google\protobuf\compiler\java\lite\primitive_field.h">
      <Filter>Source Files</Filter>
    </ClCompile>
    <ClCompile Include="..\..\src\google\protobuf\compiler\java\lite\string_field.cc">
      <Filter>Source Files</Filter>
    </ClCompile>
    <ClCompile Include="..\..\src\google\protobuf\compiler\java\lite\string_field.h">
      <Filter>Source Files</Filter>
    </ClCompile>
    <ClCompile Include="..\..\src\google\protobuf\compiler\java\context.cc">
      <Filter>Source Files</Filter>
    </ClCompile>
    <ClCompile Include="..\..\src\google\protobuf\compiler\java\context.h">
      <Filter>Source Files</Filter>
    </ClCompile>
    <ClCompile Include="..\..\src\google\protobuf\compiler\java\doc_comment_unittest.cc">
      <Filter>Source Files</Filter>
    </ClCompile>
    <ClCompile Include="..\..\src\google\protobuf\compiler\java\doc_comment.cc">
      <Filter>Source Files</Filter>
    </ClCompile>
    <ClCompile Include="..\..\src\google\protobuf\compiler\java\doc_comment.h">
      <Filter>Source Files</Filter>
    </ClCompile>
    <ClCompile Include="..\..\src\google\protobuf\compiler\java\field_common.cc">
      <Filter>Source Files</Filter>
    </ClCompile>
    <ClCompile Include="..\..\src\google\protobuf\compiler\java\field_common.h">
      <Filter>Source Files</Filter>
    </ClCompile>
    <ClCompile Include="..\..\src\google\protobuf\compiler\java\file.cc">
      <Filter>Source Files</Filter>
    </ClCompile>
    <ClCompile Include="..\..\src\google\protobuf\compiler\java\file.h">
      <Filter>Source Files</Filter>
    </ClCompile>
    <ClCompile Include="..\..\src\google\protobuf\compiler\java\generator_common.h">
      <Filter>Source Files</Filter>
    </ClCompile>
    <ClCompile Include="..\..\src\google\protobuf\compiler\java\generator_factory.h">
      <Filter>Source Files</Filter>
    </ClCompile>
    <ClCompile Include="..\..\src\google\protobuf\compiler\java\generator_unittest.cc">
      <Filter>Source Files</Filter>
    </ClCompile>
    <ClCompile Include="..\..\src\google\protobuf\compiler\java\generator.cc">
      <Filter>Source Files</Filter>
    </ClCompile>
    <ClCompile Include="..\..\src\google\protobuf\compiler\java\generator.h">
      <Filter>Source Files</Filter>
    </ClCompile>
    <ClCompile Include="..\..\src\google\protobuf\compiler\java\helpers.cc">
      <Filter>Source Files</Filter>
    </ClCompile>
    <ClCompile Include="..\..\src\google\protobuf\compiler\java\helpers.h">
      <Filter>Source Files</Filter>
    </ClCompile>
    <ClCompile Include="..\..\src\google\protobuf\compiler\java\internal_helpers.cc">
      <Filter>Source Files</Filter>
    </ClCompile>
    <ClCompile Include="..\..\src\google\protobuf\compiler\java\internal_helpers.h">
      <Filter>Source Files</Filter>
    </ClCompile>
    <ClCompile Include="..\..\src\google\protobuf\compiler\java\java_features.pb.cc">
      <Filter>Source Files</Filter>
    </ClCompile>
    <ClCompile Include="..\..\src\google\protobuf\compiler\java\java_features.pb.h">
      <Filter>Source Files</Filter>
    </ClCompile>
    <ClCompile Include="..\..\src\google\protobuf\compiler\java\java_generator.h">
      <Filter>Source Files</Filter>
    </ClCompile>
    <ClCompile Include="..\..\src\google\protobuf\compiler\java\message_serialization_unittest.cc">
      <Filter>Source Files</Filter>
    </ClCompile>
    <ClCompile Include="..\..\src\google\protobuf\compiler\java\message_serialization.cc">
      <Filter>Source Files</Filter>
    </ClCompile>
    <ClCompile Include="..\..\src\google\protobuf\compiler\java\message_serialization.h">
      <Filter>Source Files</Filter>
    </ClCompile>
    <ClCompile Include="..\..\src\google\protobuf\compiler\java\name_resolver_test.cc">
      <Filter>Source Files</Filter>
    </ClCompile>
    <ClCompile Include="..\..\src\google\protobuf\compiler\java\name_resolver.cc">
      <Filter>Source Files</Filter>
    </ClCompile>
    <ClCompile Include="..\..\src\google\protobuf\compiler\java\name_resolver.h">
      <Filter>Source Files</Filter>
    </ClCompile>
    <ClCompile Include="..\..\src\google\protobuf\compiler\java\names_internal.h">
      <Filter>Source Files</Filter>
    </ClCompile>
    <ClCompile Include="..\..\src\google\protobuf\compiler\java\names.cc">
      <Filter>Source Files</Filter>
    </ClCompile>
    <ClCompile Include="..\..\src\google\protobuf\compiler\java\names.h">
      <Filter>Source Files</Filter>
    </ClCompile>
    <ClCompile Include="..\..\src\google\protobuf\compiler\java\options.h">
      <Filter>Source Files</Filter>
    </ClCompile>
    <ClCompile Include="..\..\src\google\protobuf\compiler\java\plugin_main.cc">
      <Filter>Source Files</Filter>
    </ClCompile>
    <ClCompile Include="..\..\src\google\protobuf\compiler\java\plugin_unittest.cc">
      <Filter>Source Files</Filter>
    </ClCompile>
    <ClCompile Include="..\..\src\google\protobuf\compiler\java\shared_code_generator.cc">
      <Filter>Source Files</Filter>
    </ClCompile>
    <ClCompile Include="..\..\src\google\protobuf\compiler\java\shared_code_generator.h">
      <Filter>Source Files</Filter>
    </ClCompile>
    <ClCompile Include="..\..\src\google\protobuf\compiler\kotlin\annotation_test.cc">
      <Filter>Source Files</Filter>
    </ClCompile>
    <ClCompile Include="..\..\src\google\protobuf\compiler\kotlin\field.cc">
      <Filter>Source Files</Filter>
    </ClCompile>
    <ClCompile Include="..\..\src\google\protobuf\compiler\kotlin\field.h">
      <Filter>Source Files</Filter>
    </ClCompile>
    <ClCompile Include="..\..\src\google\protobuf\compiler\kotlin\file.cc">
      <Filter>Source Files</Filter>
    </ClCompile>
    <ClCompile Include="..\..\src\google\protobuf\compiler\kotlin\file.h">
      <Filter>Source Files</Filter>
    </ClCompile>
    <ClCompile Include="..\..\src\google\protobuf\compiler\kotlin\generator.cc">
      <Filter>Source Files</Filter>
    </ClCompile>
    <ClCompile Include="..\..\src\google\protobuf\compiler\kotlin\generator.h">
      <Filter>Source Files</Filter>
    </ClCompile>
    <ClCompile Include="..\..\src\google\protobuf\compiler\kotlin\message.cc">
      <Filter>Source Files</Filter>
    </ClCompile>
    <ClCompile Include="..\..\src\google\protobuf\compiler\kotlin\message.h">
      <Filter>Source Files</Filter>
    </ClCompile>
    <ClCompile Include="..\..\src\google\protobuf\compiler\objectivec\enum_field.cc">
      <Filter>Source Files</Filter>
    </ClCompile>
    <ClCompile Include="..\..\src\google\protobuf\compiler\objectivec\enum_field.h">
      <Filter>Source Files</Filter>
    </ClCompile>
    <ClCompile Include="..\..\src\google\protobuf\compiler\objectivec\enum.cc">
      <Filter>Source Files</Filter>
    </ClCompile>
    <ClCompile Include="..\..\src\google\protobuf\compiler\objectivec\enum.h">
      <Filter>Source Files</Filter>
    </ClCompile>
    <ClCompile Include="..\..\src\google\protobuf\compiler\objectivec\extension.cc">
      <Filter>Source Files</Filter>
    </ClCompile>
    <ClCompile Include="..\..\src\google\protobuf\compiler\objectivec\extension.h">
      <Filter>Source Files</Filter>
    </ClCompile>
    <ClCompile Include="..\..\src\google\protobuf\compiler\objectivec\field.cc">
      <Filter>Source Files</Filter>
    </ClCompile>
    <ClCompile Include="..\..\src\google\protobuf\compiler\objectivec\field.h">
      <Filter>Source Files</Filter>
    </ClCompile>
    <ClCompile Include="..\..\src\google\protobuf\compiler\objectivec\file.cc">
      <Filter>Source Files</Filter>
    </ClCompile>
    <ClCompile Include="..\..\src\google\protobuf\compiler\objectivec\file.h">
      <Filter>Source Files</Filter>
    </ClCompile>
    <ClCompile Include="..\..\src\google\protobuf\compiler\objectivec\generator.cc">
      <Filter>Source Files</Filter>
    </ClCompile>
    <ClCompile Include="..\..\src\google\protobuf\compiler\objectivec\generator.h">
      <Filter>Source Files</Filter>
    </ClCompile>
    <ClCompile Include="..\..\src\google\protobuf\compiler\objectivec\helpers.cc">
      <Filter>Source Files</Filter>
    </ClCompile>
    <ClCompile Include="..\..\src\google\protobuf\compiler\objectivec\helpers.h">
      <Filter>Source Files</Filter>
    </ClCompile>
    <ClCompile Include="..\..\src\google\protobuf\compiler\objectivec\import_writer.cc">
      <Filter>Source Files</Filter>
    </ClCompile>
    <ClCompile Include="..\..\src\google\protobuf\compiler\objectivec\import_writer.h">
      <Filter>Source Files</Filter>
    </ClCompile>
    <ClCompile Include="..\..\src\google\protobuf\compiler\objectivec\line_consumer_unittest.cc">
      <Filter>Source Files</Filter>
    </ClCompile>
    <ClCompile Include="..\..\src\google\protobuf\compiler\objectivec\line_consumer.cc">
      <Filter>Source Files</Filter>
    </ClCompile>
    <ClCompile Include="..\..\src\google\protobuf\compiler\objectivec\line_consumer.h">
      <Filter>Source Files</Filter>
    </ClCompile>
    <ClCompile Include="..\..\src\google\protobuf\compiler\objectivec\map_field.cc">
      <Filter>Source Files</Filter>
    </ClCompile>
    <ClCompile Include="..\..\src\google\protobuf\compiler\objectivec\map_field.h">
      <Filter>Source Files</Filter>
    </ClCompile>
    <ClCompile Include="..\..\src\google\protobuf\compiler\objectivec\message_field.cc">
      <Filter>Source Files</Filter>
    </ClCompile>
    <ClCompile Include="..\..\src\google\protobuf\compiler\objectivec\message_field.h">
      <Filter>Source Files</Filter>
    </ClCompile>
    <ClCompile Include="..\..\src\google\protobuf\compiler\objectivec\message.cc">
      <Filter>Source Files</Filter>
    </ClCompile>
    <ClCompile Include="..\..\src\google\protobuf\compiler\objectivec\message.h">
      <Filter>Source Files</Filter>
    </ClCompile>
    <ClCompile Include="..\..\src\google\protobuf\compiler\objectivec\names_unittest.cc">
      <Filter>Source Files</Filter>
    </ClCompile>
    <ClCompile Include="..\..\src\google\protobuf\compiler\objectivec\names.cc">
      <Filter>Source Files</Filter>
    </ClCompile>
    <ClCompile Include="..\..\src\google\protobuf\compiler\objectivec\names.h">
      <Filter>Source Files</Filter>
    </ClCompile>
    <ClCompile Include="..\..\src\google\protobuf\compiler\objectivec\nsobject_methods.h">
      <Filter>Source Files</Filter>
    </ClCompile>
    <ClCompile Include="..\..\src\google\protobuf\compiler\objectivec\oneof.cc">
      <Filter>Source Files</Filter>
    </ClCompile>
    <ClCompile Include="..\..\src\google\protobuf\compiler\objectivec\oneof.h">
      <Filter>Source Files</Filter>
    </ClCompile>
    <ClCompile Include="..\..\src\google\protobuf\compiler\objectivec\options.h">
      <Filter>Source Files</Filter>
    </ClCompile>
    <ClCompile Include="..\..\src\google\protobuf\compiler\objectivec\primitive_field.cc">
      <Filter>Source Files</Filter>
    </ClCompile>
    <ClCompile Include="..\..\src\google\protobuf\compiler\objectivec\primitive_field.h">
      <Filter>Source Files</Filter>
    </ClCompile>
    <ClCompile Include="..\..\src\google\protobuf\compiler\objectivec\text_format_decode_data_unittest.cc">
      <Filter>Source Files</Filter>
    </ClCompile>
    <ClCompile Include="..\..\src\google\protobuf\compiler\objectivec\tf_decode_data.cc">
      <Filter>Source Files</Filter>
    </ClCompile>
    <ClCompile Include="..\..\src\google\protobuf\compiler\objectivec\tf_decode_data.h">
      <Filter>Source Files</Filter>
    </ClCompile>
    <ClCompile Include="..\..\src\google\protobuf\compiler\php\generator_unittest.cc">
      <Filter>Source Files</Filter>
    </ClCompile>
    <ClCompile Include="..\..\src\google\protobuf\compiler\php\names.cc">
      <Filter>Source Files</Filter>
    </ClCompile>
    <ClCompile Include="..\..\src\google\protobuf\compiler\php\names.h">
      <Filter>Source Files</Filter>
    </ClCompile>
    <ClCompile Include="..\..\src\google\protobuf\compiler\php\php_generator.cc">
      <Filter>Source Files</Filter>
    </ClCompile>
    <ClCompile Include="..\..\src\google\protobuf\compiler\php\php_generator.h">
      <Filter>Source Files</Filter>
    </ClCompile>
    <ClCompile Include="..\..\src\google\protobuf\compiler\python\generator.cc">
      <Filter>Source Files</Filter>
    </ClCompile>
    <ClCompile Include="..\..\src\google\protobuf\compiler\python\generator.h">
      <Filter>Source Files</Filter>
    </ClCompile>
    <ClCompile Include="..\..\src\google\protobuf\compiler\python\helpers.cc">
      <Filter>Source Files</Filter>
    </ClCompile>
    <ClCompile Include="..\..\src\google\protobuf\compiler\python\helpers.h">
      <Filter>Source Files</Filter>
    </ClCompile>
    <ClCompile Include="..\..\src\google\protobuf\compiler\python\plugin_main.cc">
      <Filter>Source Files</Filter>
    </ClCompile>
    <ClCompile Include="..\..\src\google\protobuf\compiler\python\plugin_unittest.cc">
      <Filter>Source Files</Filter>
    </ClCompile>
    <ClCompile Include="..\..\src\google\protobuf\compiler\python\pyi_generator.cc">
      <Filter>Source Files</Filter>
    </ClCompile>
    <ClCompile Include="..\..\src\google\protobuf\compiler\python\pyi_generator.h">
      <Filter>Source Files</Filter>
    </ClCompile>
    <ClCompile Include="..\..\src\google\protobuf\compiler\python\python_generator.h">
      <Filter>Source Files</Filter>
    </ClCompile>
    <ClCompile Include="..\..\src\google\protobuf\compiler\ruby\rbs_generator_unittest.cc">
      <Filter>Source Files</Filter>
    </ClCompile>
    <ClCompile Include="..\..\src\google\protobuf\compiler\ruby\rbs_generator.cc">
      <Filter>Source Files</Filter>
    </ClCompile>
    <ClCompile Include="..\..\src\google\protobuf\compiler\ruby\rbs_generator.h">
      <Filter>Source Files</Filter>
    </ClCompile>
    <ClCompile Include="..\..\src\google\protobuf\compiler\ruby\ruby_generator_unittest.cc">
      <Filter>Source Files</Filter>
    </ClCompile>
    <ClCompile Include="..\..\src\google\protobuf\compiler\ruby\ruby_generator.cc">
      <Filter>Source Files</Filter>
    </ClCompile>
    <ClCompile Include="..\..\src\google\protobuf\compiler\ruby\ruby_generator.h">
      <Filter>Source Files</Filter>
    </ClCompile>
    <ClCompile Include="..\..\src\google\protobuf\compiler\rust\accessors\accessor_case.cc">
      <Filter>Source Files</Filter>
    </ClCompile>
    <ClCompile Include="..\..\src\google\protobuf\compiler\rust\accessors\accessor_case.h">
      <Filter>Source Files</Filter>
    </ClCompile>
    <ClCompile Include="..\..\src\google\protobuf\compiler\rust\accessors\accessors.cc">
      <Filter>Source Files</Filter>
    </ClCompile>
    <ClCompile Include="..\..\src\google\protobuf\compiler\rust\accessors\accessors.h">
      <Filter>Source Files</Filter>
    </ClCompile>
    <ClCompile Include="..\..\src\google\protobuf\compiler\rust\accessors\default_value.cc">
      <Filter>Source Files</Filter>
    </ClCompile>
    <ClCompile Include="..\..\src\google\protobuf\compiler\rust\accessors\default_value.h">
      <Filter>Source Files</Filter>
    </ClCompile>
    <ClCompile Include="..\..\src\google\protobuf\compiler\rust\accessors\generator.h">
      <Filter>Source Files</Filter>
    </ClCompile>
    <ClCompile Include="..\..\src\google\protobuf\compiler\rust\accessors\map.cc">
      <Filter>Source Files</Filter>
    </ClCompile>
    <ClCompile Include="..\..\src\google\protobuf\compiler\rust\accessors\repeated_field.cc">
      <Filter>Source Files</Filter>
    </ClCompile>
    <ClCompile Include="..\..\src\google\protobuf\compiler\rust\accessors\singular_cord.cc">
      <Filter>Source Files</Filter>
    </ClCompile>
    <ClCompile Include="..\..\src\google\protobuf\compiler\rust\accessors\singular_message.cc">
      <Filter>Source Files</Filter>
    </ClCompile>
    <ClCompile Include="..\..\src\google\protobuf\compiler\rust\accessors\singular_scalar.cc">
      <Filter>Source Files</Filter>
    </ClCompile>
    <ClCompile Include="..\..\src\google\protobuf\compiler\rust\accessors\singular_string.cc">
      <Filter>Source Files</Filter>
    </ClCompile>
    <ClCompile Include="..\..\src\google\protobuf\compiler\rust\accessors\unsupported_field.cc">
      <Filter>Source Files</Filter>
    </ClCompile>
    <ClCompile Include="..\..\src\google\protobuf\compiler\rust\accessors\with_presence.cc">
      <Filter>Source Files</Filter>
    </ClCompile>
    <ClCompile Include="..\..\src\google\protobuf\compiler\rust\accessors\with_presence.h">
      <Filter>Source Files</Filter>
    </ClCompile>
    <ClCompile Include="..\..\src\google\protobuf\compiler\rust\context.cc">
      <Filter>Source Files</Filter>
    </ClCompile>
    <ClCompile Include="..\..\src\google\protobuf\compiler\rust\context.h">
      <Filter>Source Files</Filter>
    </ClCompile>
    <ClCompile Include="..\..\src\google\protobuf\compiler\rust\crate_mapping_unittest.cc">
      <Filter>Source Files</Filter>
    </ClCompile>
    <ClCompile Include="..\..\src\google\protobuf\compiler\rust\crate_mapping.cc">
      <Filter>Source Files</Filter>
    </ClCompile>
    <ClCompile Include="..\..\src\google\protobuf\compiler\rust\crate_mapping.h">
      <Filter>Source Files</Filter>
    </ClCompile>
    <ClCompile Include="..\..\src\google\protobuf\compiler\rust\enum_test.cc">
      <Filter>Source Files</Filter>
    </ClCompile>
    <ClCompile Include="..\..\src\google\protobuf\compiler\rust\enum.cc">
      <Filter>Source Files</Filter>
    </ClCompile>
    <ClCompile Include="..\..\src\google\protobuf\compiler\rust\enum.h">
      <Filter>Source Files</Filter>
    </ClCompile>
    <ClCompile Include="..\..\src\google\protobuf\compiler\rust\generator_test.cc">
      <Filter>Source Files</Filter>
    </ClCompile>
    <ClCompile Include="..\..\src\google\protobuf\compiler\rust\generator.cc">
      <Filter>Source Files</Filter>
    </ClCompile>
    <ClCompile Include="..\..\src\google\protobuf\compiler\rust\generator.h">
      <Filter>Source Files</Filter>
    </ClCompile>
    <ClCompile Include="..\..\src\google\protobuf\compiler\rust\main.cc">
      <Filter>Source Files</Filter>
    </ClCompile>
    <ClCompile Include="..\..\src\google\protobuf\compiler\rust\message.cc">
      <Filter>Source Files</Filter>
    </ClCompile>
    <ClCompile Include="..\..\src\google\protobuf\compiler\rust\message.h">
      <Filter>Source Files</Filter>
    </ClCompile>
    <ClCompile Include="..\..\src\google\protobuf\compiler\rust\naming_test.cc">
      <Filter>Source Files</Filter>
    </ClCompile>
    <ClCompile Include="..\..\src\google\protobuf\compiler\rust\naming.cc">
      <Filter>Source Files</Filter>
    </ClCompile>
    <ClCompile Include="..\..\src\google\protobuf\compiler\rust\naming.h">
      <Filter>Source Files</Filter>
    </ClCompile>
    <ClCompile Include="..\..\src\google\protobuf\compiler\rust\oneof.cc">
      <Filter>Source Files</Filter>
    </ClCompile>
    <ClCompile Include="..\..\src\google\protobuf\compiler\rust\oneof.h">
      <Filter>Source Files</Filter>
    </ClCompile>
    <ClCompile Include="..\..\src\google\protobuf\compiler\rust\relative_path_test.cc">
      <Filter>Source Files</Filter>
    </ClCompile>
    <ClCompile Include="..\..\src\google\protobuf\compiler\rust\relative_path.cc">
      <Filter>Source Files</Filter>
    </ClCompile>
    <ClCompile Include="..\..\src\google\protobuf\compiler\rust\relative_path.h">
      <Filter>Source Files</Filter>
    </ClCompile>
    <ClCompile Include="..\..\src\google\protobuf\compiler\rust\rust_field_type.cc">
      <Filter>Source Files</Filter>
    </ClCompile>
    <ClCompile Include="..\..\src\google\protobuf\compiler\rust\rust_field_type.h">
      <Filter>Source Files</Filter>
    </ClCompile>
    <ClCompile Include="..\..\src\google\protobuf\compiler\rust\rust_keywords.cc">
      <Filter>Source Files</Filter>
    </ClCompile>
    <ClCompile Include="..\..\src\google\protobuf\compiler\rust\rust_keywords.h">
      <Filter>Source Files</Filter>
    </ClCompile>
    <ClCompile Include="..\..\src\google\protobuf\compiler\rust\upb_helpers.cc">
      <Filter>Source Files</Filter>
    </ClCompile>
    <ClCompile Include="..\..\src\google\protobuf\compiler\rust\upb_helpers.h">
      <Filter>Source Files</Filter>
    </ClCompile>
    <ClCompile Include="..\..\src\google\protobuf\compiler\annotation_test_util.cc">
      <Filter>Source Files</Filter>
    </ClCompile>
    <ClCompile Include="..\..\src\google\protobuf\compiler\annotation_test_util.h">
      <Filter>Source Files</Filter>
    </ClCompile>
    <ClCompile Include="..\..\src\google\protobuf\compiler\code_generator_lite.cc">
      <Filter>Source Files</Filter>
    </ClCompile>
    <ClCompile Include="..\..\src\google\protobuf\compiler\code_generator_lite.h">
      <Filter>Source Files</Filter>
    </ClCompile>
    <ClCompile Include="..\..\src\google\protobuf\compiler\code_generator_unittest.cc">
      <Filter>Source Files</Filter>
    </ClCompile>
    <ClCompile Include="..\..\src\google\protobuf\compiler\code_generator.cc">
      <Filter>Source Files</Filter>
    </ClCompile>
    <ClCompile Include="..\..\src\google\protobuf\compiler\code_generator.h">
      <Filter>Source Files</Filter>
    </ClCompile>
    <ClCompile Include="..\..\src\google\protobuf\compiler\command_line_interface_tester.cc">
      <Filter>Source Files</Filter>
    </ClCompile>
    <ClCompile Include="..\..\src\google\protobuf\compiler\command_line_interface_tester.h">
      <Filter>Source Files</Filter>
    </ClCompile>
    <ClCompile Include="..\..\src\google\protobuf\compiler\command_line_interface_unittest.cc">
      <Filter>Source Files</Filter>
    </ClCompile>
    <ClCompile Include="..\..\src\google\protobuf\compiler\command_line_interface.cc">
      <Filter>Source Files</Filter>
    </ClCompile>
    <ClCompile Include="..\..\src\google\protobuf\compiler\command_line_interface.h">
      <Filter>Source Files</Filter>
    </ClCompile>
    <ClCompile Include="..\..\src\google\protobuf\compiler\fake_plugin.cc">
      <Filter>Source Files</Filter>
    </ClCompile>
    <ClCompile Include="..\..\src\google\protobuf\compiler\importer_unittest.cc">
      <Filter>Source Files</Filter>
    </ClCompile>
    <ClCompile Include="..\..\src\google\protobuf\compiler\importer.cc">
      <Filter>Source Files</Filter>
    </ClCompile>
    <ClCompile Include="..\..\src\google\protobuf\compiler\importer.h">
      <Filter>Source Files</Filter>
    </ClCompile>
    <ClCompile Include="..\..\src\google\protobuf\compiler\main_no_generators.cc">
      <Filter>Source Files</Filter>
    </ClCompile>
    <ClCompile Include="..\..\src\google\protobuf\compiler\main.cc">
      <Filter>Source Files</Filter>
    </ClCompile>
    <ClCompile Include="..\..\src\google\protobuf\compiler\mock_code_generator.cc">
      <Filter>Source Files</Filter>
    </ClCompile>
    <ClCompile Include="..\..\src\google\protobuf\compiler\mock_code_generator.h">
      <Filter>Source Files</Filter>
    </ClCompile>
    <ClCompile Include="..\..\src\google\protobuf\compiler\notices.h">
      <Filter>Source Files</Filter>
    </ClCompile>
    <ClCompile Include="..\..\src\google\protobuf\compiler\package_info.h">
      <Filter>Source Files</Filter>
    </ClCompile>
    <ClCompile Include="..\..\src\google\protobuf\compiler\parser_unittest.cc">
      <Filter>Source Files</Filter>
    </ClCompile>
    <ClCompile Include="..\..\src\google\protobuf\compiler\parser.cc">
      <Filter>Source Files</Filter>
    </ClCompile>
    <ClCompile Include="..\..\src\google\protobuf\compiler\parser.h">
      <Filter>Source Files</Filter>
    </ClCompile>
    <ClCompile Include="..\..\src\google\protobuf\compiler\plugin.cc">
      <Filter>Source Files</Filter>
    </ClCompile>
    <ClCompile Include="..\..\src\google\protobuf\compiler\plugin.h">
      <Filter>Source Files</Filter>
    </ClCompile>
    <ClCompile Include="..\..\src\google\protobuf\compiler\plugin.pb.cc">
      <Filter>Source Files</Filter>
    </ClCompile>
    <ClCompile Include="..\..\src\google\protobuf\compiler\plugin.pb.h">
      <Filter>Source Files</Filter>
    </ClCompile>
    <ClCompile Include="..\..\src\google\protobuf\compiler\retention_unittest.cc">
      <Filter>Source Files</Filter>
    </ClCompile>
    <ClCompile Include="..\..\src\google\protobuf\compiler\retention.cc">
      <Filter>Source Files</Filter>
    </ClCompile>
    <ClCompile Include="..\..\src\google\protobuf\compiler\retention.h">
      <Filter>Source Files</Filter>
    </ClCompile>
    <ClCompile Include="..\..\src\google\protobuf\compiler\scc.h">
      <Filter>Source Files</Filter>
    </ClCompile>
    <ClCompile Include="..\..\src\google\protobuf\compiler\subprocess.cc">
      <Filter>Source Files</Filter>
    </ClCompile>
    <ClCompile Include="..\..\src\google\protobuf\compiler\subprocess.h">
      <Filter>Source Files</Filter>
    </ClCompile>
    <ClCompile Include="..\..\src\google\protobuf\compiler\test_plugin.cc">
      <Filter>Source Files</Filter>
    </ClCompile>
    <ClCompile Include="..\..\src\google\protobuf\compiler\versions_test.cc">
      <Filter>Source Files</Filter>
    </ClCompile>
    <ClCompile Include="..\..\src\google\protobuf\compiler\versions.cc">
      <Filter>Source Files</Filter>
    </ClCompile>
    <ClCompile Include="..\..\src\google\protobuf\compiler\versions.h">
      <Filter>Source Files</Filter>
    </ClCompile>
    <ClCompile Include="..\..\src\google\protobuf\compiler\zip_writer.cc">
      <Filter>Source Files</Filter>
    </ClCompile>
    <ClCompile Include="..\..\src\google\protobuf\compiler\zip_writer.h">
      <Filter>Source Files</Filter>
    </ClCompile>
  </ItemGroup>
</Project>